// !$*UTF8*$!
{
	archiveVersion = 1;
	classes = {
	};
	objectVersion = 56;
	objects = {

/* Begin PBXBuildFile section */
		8D07F2BE0486CC7A007CD1D0 /* LAME_Prefix.pch in Headers */ = {isa = PBXBuildFile; fileRef = 32BAE0B70371A74B00C91783 /* LAME_Prefix.pch */; };
		D50E02C02B9372D90066CB31 /* bitstream.h in Headers */ = {isa = PBXBuildFile; fileRef = EA8CC0C209A39A5E001379B8 /* bitstream.h */; };
		D50E02C12B9372D90066CB31 /* common.h in Headers */ = {isa = PBXBuildFile; fileRef = EA8CC08B09A39A55001379B8 /* common.h */; };
		D50E02C22B9372D90066CB31 /* config.h in Headers */ = {isa = PBXBuildFile; fileRef = EA498C8C0DE5E37B00250F0E /* config.h */; };
		D50E02C32B9372D90066CB31 /* dct64_i386.h in Headers */ = {isa = PBXBuildFile; fileRef = EA8CC08D09A39A55001379B8 /* dct64_i386.h */; };
		D50E02C42B9372D90066CB31 /* decode_i386.h in Headers */ = {isa = PBXBuildFile; fileRef = EA8CC08F09A39A55001379B8 /* decode_i386.h */; };
		D50E02C52B9372D90066CB31 /* encoder.h in Headers */ = {isa = PBXBuildFile; fileRef = EA8CC0C509A39A5E001379B8 /* encoder.h */; };
		D50E02C62B9372D90066CB31 /* fft.h in Headers */ = {isa = PBXBuildFile; fileRef = EA8CC0C709A39A5E001379B8 /* fft.h */; };
		D50E02C72B9372D90066CB31 /* gain_analysis.h in Headers */ = {isa = PBXBuildFile; fileRef = EA8CC0C909A39A5E001379B8 /* gain_analysis.h */; };
		D50E02C82B9372D90066CB31 /* huffman.h in Headers */ = {isa = PBXBuildFile; fileRef = EA8CC09109A39A55001379B8 /* huffman.h */; };
		D50E02C92B9372D90066CB31 /* id3tag.h in Headers */ = {isa = PBXBuildFile; fileRef = EA8CC0D609A39A5E001379B8 /* id3tag.h */; };
		D50E02CA2B9372D90066CB31 /* interface.h in Headers */ = {isa = PBXBuildFile; fileRef = EA8CC09309A39A55001379B8 /* interface.h */; };
		D50E02CB2B9372D90066CB31 /* l2tables.h in Headers */ = {isa = PBXBuildFile; fileRef = EA8CC09409A39A55001379B8 /* l2tables.h */; };
		D50E02CC2B9372D90066CB31 /* l3side.h in Headers */ = {isa = PBXBuildFile; fileRef = EA8CC0D709A39A5E001379B8 /* l3side.h */; };
		D50E02CD2B9372D90066CB31 /* lame-analysis.h in Headers */ = {isa = PBXBuildFile; fileRef = EA8CC0D809A39A5E001379B8 /* lame-analysis.h */; };
		D50E02CE2B9372D90066CB31 /* lame.h in Headers */ = {isa = PBXBuildFile; fileRef = EA8CC08709A39A49001379B8 /* lame.h */; settings = {ATTRIBUTES = (Public, ); }; };
		D50E02CF2B9372D90066CB31 /* lame_global_flags.h in Headers */ = {isa = PBXBuildFile; fileRef = EA8CC0DA09A39A5E001379B8 /* lame_global_flags.h */; };
		D50E02D02B9372D90066CB31 /* LAME_Prefix.pch in Headers */ = {isa = PBXBuildFile; fileRef = 32BAE0B70371A74B00C91783 /* LAME_Prefix.pch */; };
		D50E02D12B9372D90066CB31 /* layer1.h in Headers */ = {isa = PBXBuildFile; fileRef = EA8CC09609A39A55001379B8 /* layer1.h */; };
		D50E02D22B9372D90066CB31 /* layer2.h in Headers */ = {isa = PBXBuildFile; fileRef = EA8CC09809A39A55001379B8 /* layer2.h */; };
		D50E02D32B9372D90066CB31 /* layer3.h in Headers */ = {isa = PBXBuildFile; fileRef = EA8CC09A09A39A55001379B8 /* layer3.h */; };
		D50E02D42B9372D90066CB31 /* machine.h in Headers */ = {isa = PBXBuildFile; fileRef = EA8CC0DD09A39A5E001379B8 /* machine.h */; };
		D50E02D52B9372D90066CB31 /* mpg123.h in Headers */ = {isa = PBXBuildFile; fileRef = EA8CC09D09A39A55001379B8 /* mpg123.h */; };
		D50E02D62B9372D90066CB31 /* mpglib.h in Headers */ = {isa = PBXBuildFile; fileRef = EA8CC09E09A39A55001379B8 /* mpglib.h */; };
		D50E02D72B9372D90066CB31 /* newmdct.h in Headers */ = {isa = PBXBuildFile; fileRef = EA8CC0E209A39A5E001379B8 /* newmdct.h */; };
		D50E02D82B9372D90066CB31 /* psymodel.h in Headers */ = {isa = PBXBuildFile; fileRef = EA8CC0E509A39A5E001379B8 /* psymodel.h */; };
		D50E02D92B9372D90066CB31 /* quantize.h in Headers */ = {isa = PBXBuildFile; fileRef = EA8CC0E709A39A5E001379B8 /* quantize.h */; };
		D50E02DA2B9372D90066CB31 /* quantize_pvt.h in Headers */ = {isa = PBXBuildFile; fileRef = EA8CC0E909A39A5E001379B8 /* quantize_pvt.h */; };
		D50E02DB2B9372D90066CB31 /* reservoir.h in Headers */ = {isa = PBXBuildFile; fileRef = EA8CC0EB09A39A5E001379B8 /* reservoir.h */; };
		D50E02DC2B9372D90066CB31 /* set_get.h in Headers */ = {isa = PBXBuildFile; fileRef = EA8CC0ED09A39A5E001379B8 /* set_get.h */; };
		D50E02DD2B9372D90066CB31 /* tabinit.h in Headers */ = {isa = PBXBuildFile; fileRef = EA8CC0A309A39A55001379B8 /* tabinit.h */; };
		D50E02DE2B9372D90066CB31 /* tables.h in Headers */ = {isa = PBXBuildFile; fileRef = EA8CC0EF09A39A5E001379B8 /* tables.h */; };
		D50E02DF2B9372D90066CB31 /* util.h in Headers */ = {isa = PBXBuildFile; fileRef = EA8CC0F209A39A5E001379B8 /* util.h */; };
		D50E02E02B9372D90066CB31 /* vbrquantize.h in Headers */ = {isa = PBXBuildFile; fileRef = EA8CC0F409A39A5E001379B8 /* vbrquantize.h */; };
		D50E02E12B9372D90066CB31 /* VbrTag.h in Headers */ = {isa = PBXBuildFile; fileRef = EA8CC0F609A39A5E001379B8 /* VbrTag.h */; };
		D50E02E22B9372D90066CB31 /* version.h in Headers */ = {isa = PBXBuildFile; fileRef = EA8CC0F809A39A5E001379B8 /* version.h */; };
		D50E02E52B9372D90066CB31 /* bitstream.c in Sources */ = {isa = PBXBuildFile; fileRef = EA8CC0C109A39A5E001379B8 /* bitstream.c */; };
		D50E02E62B9372D90066CB31 /* common.c in Sources */ = {isa = PBXBuildFile; fileRef = EA8CC08A09A39A55001379B8 /* common.c */; };
		D50E02E72B9372D90066CB31 /* dct64_i386.c in Sources */ = {isa = PBXBuildFile; fileRef = EA8CC08C09A39A55001379B8 /* dct64_i386.c */; };
		D50E02E82B9372D90066CB31 /* decode_i386.c in Sources */ = {isa = PBXBuildFile; fileRef = EA8CC08E09A39A55001379B8 /* decode_i386.c */; };
		D50E02E92B9372D90066CB31 /* encoder.c in Sources */ = {isa = PBXBuildFile; fileRef = EA8CC0C409A39A5E001379B8 /* encoder.c */; };
		D50E02EA2B9372D90066CB31 /* fft.c in Sources */ = {isa = PBXBuildFile; fileRef = EA8CC0C609A39A5E001379B8 /* fft.c */; };
		D50E02EB2B9372D90066CB31 /* gain_analysis.c in Sources */ = {isa = PBXBuildFile; fileRef = EA8CC0C809A39A5E001379B8 /* gain_analysis.c */; };
		D50E02EC2B9372D90066CB31 /* id3tag.c in Sources */ = {isa = PBXBuildFile; fileRef = EA8CC0D509A39A5E001379B8 /* id3tag.c */; };
		D50E02ED2B9372D90066CB31 /* interface.c in Sources */ = {isa = PBXBuildFile; fileRef = EA8CC09209A39A55001379B8 /* interface.c */; };
		D50E02EE2B9372D90066CB31 /* lame.c in Sources */ = {isa = PBXBuildFile; fileRef = EA8CC0D909A39A5E001379B8 /* lame.c */; };
		D50E02EF2B9372D90066CB31 /* layer1.c in Sources */ = {isa = PBXBuildFile; fileRef = EA8CC09509A39A55001379B8 /* layer1.c */; };
		D50E02F02B9372D90066CB31 /* layer2.c in Sources */ = {isa = PBXBuildFile; fileRef = EA8CC09709A39A55001379B8 /* layer2.c */; };
		D50E02F12B9372D90066CB31 /* layer3.c in Sources */ = {isa = PBXBuildFile; fileRef = EA8CC09909A39A55001379B8 /* layer3.c */; };
		D50E02F22B9372D90066CB31 /* mpglib_interface.c in Sources */ = {isa = PBXBuildFile; fileRef = EA8CC0E009A39A5E001379B8 /* mpglib_interface.c */; };
		D50E02F32B9372D90066CB31 /* newmdct.c in Sources */ = {isa = PBXBuildFile; fileRef = EA8CC0E109A39A5E001379B8 /* newmdct.c */; };
		D50E02F42B9372D90066CB31 /* presets.c in Sources */ = {isa = PBXBuildFile; fileRef = EA8CC0E309A39A5E001379B8 /* presets.c */; };
		D50E02F52B9372D90066CB31 /* psymodel.c in Sources */ = {isa = PBXBuildFile; fileRef = EA8CC0E409A39A5E001379B8 /* psymodel.c */; };
		D50E02F62B9372D90066CB31 /* quantize.c in Sources */ = {isa = PBXBuildFile; fileRef = EA8CC0E609A39A5E001379B8 /* quantize.c */; };
		D50E02F72B9372D90066CB31 /* quantize_pvt.c in Sources */ = {isa = PBXBuildFile; fileRef = EA8CC0E809A39A5E001379B8 /* quantize_pvt.c */; };
		D50E02F82B9372D90066CB31 /* reservoir.c in Sources */ = {isa = PBXBuildFile; fileRef = EA8CC0EA09A39A5E001379B8 /* reservoir.c */; };
		D50E02F92B9372D90066CB31 /* set_get.c in Sources */ = {isa = PBXBuildFile; fileRef = EA8CC0EC09A39A5E001379B8 /* set_get.c */; };
		D50E02FA2B9372D90066CB31 /* tabinit.c in Sources */ = {isa = PBXBuildFile; fileRef = EA8CC0A209A39A55001379B8 /* tabinit.c */; };
		D50E02FB2B9372D90066CB31 /* tables.c in Sources */ = {isa = PBXBuildFile; fileRef = EA8CC0EE09A39A5E001379B8 /* tables.c */; };
		D50E02FC2B9372D90066CB31 /* takehiro.c in Sources */ = {isa = PBXBuildFile; fileRef = EA8CC0F009A39A5E001379B8 /* takehiro.c */; };
		D50E02FD2B9372D90066CB31 /* util.c in Sources */ = {isa = PBXBuildFile; fileRef = EA8CC0F109A39A5E001379B8 /* util.c */; };
		D50E02FE2B9372D90066CB31 /* vbrquantize.c in Sources */ = {isa = PBXBuildFile; fileRef = EA8CC0F309A39A5E001379B8 /* vbrquantize.c */; };
		D50E02FF2B9372D90066CB31 /* VbrTag.c in Sources */ = {isa = PBXBuildFile; fileRef = EA8CC0F509A39A5E001379B8 /* VbrTag.c */; };
		D50E03002B9372D90066CB31 /* version.c in Sources */ = {isa = PBXBuildFile; fileRef = EA8CC0F709A39A5E001379B8 /* version.c */; };
		D546187A2C38E5BA007E2E82 /* PrivacyInfo.xcprivacy in Resources */ = {isa = PBXBuildFile; fileRef = D54618792C38E5BA007E2E82 /* PrivacyInfo.xcprivacy */; };
		D546187B2C38E5BA007E2E82 /* PrivacyInfo.xcprivacy in Resources */ = {isa = PBXBuildFile; fileRef = D54618792C38E5BA007E2E82 /* PrivacyInfo.xcprivacy */; };
		D546187C2C38E5BA007E2E82 /* PrivacyInfo.xcprivacy in Resources */ = {isa = PBXBuildFile; fileRef = D54618792C38E5BA007E2E82 /* PrivacyInfo.xcprivacy */; };
		D546187D2C38E5BA007E2E82 /* PrivacyInfo.xcprivacy in Resources */ = {isa = PBXBuildFile; fileRef = D54618792C38E5BA007E2E82 /* PrivacyInfo.xcprivacy */; };
		D546187E2C38E5BA007E2E82 /* PrivacyInfo.xcprivacy in Resources */ = {isa = PBXBuildFile; fileRef = D54618792C38E5BA007E2E82 /* PrivacyInfo.xcprivacy */; };
		D55AAC5A26E8F9C100DD41EA /* LAME_Prefix.pch in Headers */ = {isa = PBXBuildFile; fileRef = 32BAE0B70371A74B00C91783 /* LAME_Prefix.pch */; };
		D55AAC5B26E8F9C100DD41EA /* lame.h in Headers */ = {isa = PBXBuildFile; fileRef = EA8CC08709A39A49001379B8 /* lame.h */; settings = {ATTRIBUTES = (Public, ); }; };
		D55AAC5C26E8F9C100DD41EA /* common.h in Headers */ = {isa = PBXBuildFile; fileRef = EA8CC08B09A39A55001379B8 /* common.h */; };
		D55AAC5D26E8F9C100DD41EA /* dct64_i386.h in Headers */ = {isa = PBXBuildFile; fileRef = EA8CC08D09A39A55001379B8 /* dct64_i386.h */; };
		D55AAC5E26E8F9C100DD41EA /* decode_i386.h in Headers */ = {isa = PBXBuildFile; fileRef = EA8CC08F09A39A55001379B8 /* decode_i386.h */; };
		D55AAC5F26E8F9C100DD41EA /* huffman.h in Headers */ = {isa = PBXBuildFile; fileRef = EA8CC09109A39A55001379B8 /* huffman.h */; };
		D55AAC6026E8F9C100DD41EA /* interface.h in Headers */ = {isa = PBXBuildFile; fileRef = EA8CC09309A39A55001379B8 /* interface.h */; };
		D55AAC6126E8F9C100DD41EA /* l2tables.h in Headers */ = {isa = PBXBuildFile; fileRef = EA8CC09409A39A55001379B8 /* l2tables.h */; };
		D55AAC6226E8F9C100DD41EA /* layer1.h in Headers */ = {isa = PBXBuildFile; fileRef = EA8CC09609A39A55001379B8 /* layer1.h */; };
		D55AAC6326E8F9C100DD41EA /* layer2.h in Headers */ = {isa = PBXBuildFile; fileRef = EA8CC09809A39A55001379B8 /* layer2.h */; };
		D55AAC6426E8F9C100DD41EA /* layer3.h in Headers */ = {isa = PBXBuildFile; fileRef = EA8CC09A09A39A55001379B8 /* layer3.h */; };
		D55AAC6526E8F9C100DD41EA /* mpg123.h in Headers */ = {isa = PBXBuildFile; fileRef = EA8CC09D09A39A55001379B8 /* mpg123.h */; };
		D55AAC6626E8F9C100DD41EA /* mpglib.h in Headers */ = {isa = PBXBuildFile; fileRef = EA8CC09E09A39A55001379B8 /* mpglib.h */; };
		D55AAC6726E8F9C100DD41EA /* tabinit.h in Headers */ = {isa = PBXBuildFile; fileRef = EA8CC0A309A39A55001379B8 /* tabinit.h */; };
		D55AAC6826E8F9C100DD41EA /* bitstream.h in Headers */ = {isa = PBXBuildFile; fileRef = EA8CC0C209A39A5E001379B8 /* bitstream.h */; };
		D55AAC6926E8F9C100DD41EA /* encoder.h in Headers */ = {isa = PBXBuildFile; fileRef = EA8CC0C509A39A5E001379B8 /* encoder.h */; };
		D55AAC6A26E8F9C100DD41EA /* fft.h in Headers */ = {isa = PBXBuildFile; fileRef = EA8CC0C709A39A5E001379B8 /* fft.h */; };
		D55AAC6B26E8F9C100DD41EA /* gain_analysis.h in Headers */ = {isa = PBXBuildFile; fileRef = EA8CC0C909A39A5E001379B8 /* gain_analysis.h */; };
		D55AAC6C26E8F9C100DD41EA /* id3tag.h in Headers */ = {isa = PBXBuildFile; fileRef = EA8CC0D609A39A5E001379B8 /* id3tag.h */; };
		D55AAC6D26E8F9C100DD41EA /* l3side.h in Headers */ = {isa = PBXBuildFile; fileRef = EA8CC0D709A39A5E001379B8 /* l3side.h */; };
		D55AAC6E26E8F9C100DD41EA /* lame-analysis.h in Headers */ = {isa = PBXBuildFile; fileRef = EA8CC0D809A39A5E001379B8 /* lame-analysis.h */; };
		D55AAC6F26E8F9C100DD41EA /* lame_global_flags.h in Headers */ = {isa = PBXBuildFile; fileRef = EA8CC0DA09A39A5E001379B8 /* lame_global_flags.h */; };
		D55AAC7026E8F9C100DD41EA /* machine.h in Headers */ = {isa = PBXBuildFile; fileRef = EA8CC0DD09A39A5E001379B8 /* machine.h */; };
		D55AAC7126E8F9C100DD41EA /* newmdct.h in Headers */ = {isa = PBXBuildFile; fileRef = EA8CC0E209A39A5E001379B8 /* newmdct.h */; };
		D55AAC7226E8F9C100DD41EA /* psymodel.h in Headers */ = {isa = PBXBuildFile; fileRef = EA8CC0E509A39A5E001379B8 /* psymodel.h */; };
		D55AAC7326E8F9C100DD41EA /* quantize.h in Headers */ = {isa = PBXBuildFile; fileRef = EA8CC0E709A39A5E001379B8 /* quantize.h */; };
		D55AAC7426E8F9C100DD41EA /* quantize_pvt.h in Headers */ = {isa = PBXBuildFile; fileRef = EA8CC0E909A39A5E001379B8 /* quantize_pvt.h */; };
		D55AAC7526E8F9C100DD41EA /* reservoir.h in Headers */ = {isa = PBXBuildFile; fileRef = EA8CC0EB09A39A5E001379B8 /* reservoir.h */; };
		D55AAC7626E8F9C100DD41EA /* set_get.h in Headers */ = {isa = PBXBuildFile; fileRef = EA8CC0ED09A39A5E001379B8 /* set_get.h */; };
		D55AAC7726E8F9C100DD41EA /* tables.h in Headers */ = {isa = PBXBuildFile; fileRef = EA8CC0EF09A39A5E001379B8 /* tables.h */; };
		D55AAC7826E8F9C100DD41EA /* util.h in Headers */ = {isa = PBXBuildFile; fileRef = EA8CC0F209A39A5E001379B8 /* util.h */; };
		D55AAC7926E8F9C100DD41EA /* vbrquantize.h in Headers */ = {isa = PBXBuildFile; fileRef = EA8CC0F409A39A5E001379B8 /* vbrquantize.h */; };
		D55AAC7A26E8F9C100DD41EA /* VbrTag.h in Headers */ = {isa = PBXBuildFile; fileRef = EA8CC0F609A39A5E001379B8 /* VbrTag.h */; };
		D55AAC7B26E8F9C100DD41EA /* version.h in Headers */ = {isa = PBXBuildFile; fileRef = EA8CC0F809A39A5E001379B8 /* version.h */; };
		D55AAC7C26E8F9C100DD41EA /* config.h in Headers */ = {isa = PBXBuildFile; fileRef = EA498C8C0DE5E37B00250F0E /* config.h */; };
		D55AAC7F26E8F9C100DD41EA /* common.c in Sources */ = {isa = PBXBuildFile; fileRef = EA8CC08A09A39A55001379B8 /* common.c */; };
		D55AAC8026E8F9C100DD41EA /* dct64_i386.c in Sources */ = {isa = PBXBuildFile; fileRef = EA8CC08C09A39A55001379B8 /* dct64_i386.c */; };
		D55AAC8126E8F9C100DD41EA /* decode_i386.c in Sources */ = {isa = PBXBuildFile; fileRef = EA8CC08E09A39A55001379B8 /* decode_i386.c */; };
		D55AAC8226E8F9C100DD41EA /* interface.c in Sources */ = {isa = PBXBuildFile; fileRef = EA8CC09209A39A55001379B8 /* interface.c */; };
		D55AAC8326E8F9C100DD41EA /* layer1.c in Sources */ = {isa = PBXBuildFile; fileRef = EA8CC09509A39A55001379B8 /* layer1.c */; };
		D55AAC8426E8F9C100DD41EA /* layer2.c in Sources */ = {isa = PBXBuildFile; fileRef = EA8CC09709A39A55001379B8 /* layer2.c */; };
		D55AAC8526E8F9C100DD41EA /* layer3.c in Sources */ = {isa = PBXBuildFile; fileRef = EA8CC09909A39A55001379B8 /* layer3.c */; };
		D55AAC8626E8F9C100DD41EA /* tabinit.c in Sources */ = {isa = PBXBuildFile; fileRef = EA8CC0A209A39A55001379B8 /* tabinit.c */; };
		D55AAC8726E8F9C100DD41EA /* bitstream.c in Sources */ = {isa = PBXBuildFile; fileRef = EA8CC0C109A39A5E001379B8 /* bitstream.c */; };
		D55AAC8826E8F9C100DD41EA /* encoder.c in Sources */ = {isa = PBXBuildFile; fileRef = EA8CC0C409A39A5E001379B8 /* encoder.c */; };
		D55AAC8926E8F9C100DD41EA /* fft.c in Sources */ = {isa = PBXBuildFile; fileRef = EA8CC0C609A39A5E001379B8 /* fft.c */; };
		D55AAC8A26E8F9C100DD41EA /* gain_analysis.c in Sources */ = {isa = PBXBuildFile; fileRef = EA8CC0C809A39A5E001379B8 /* gain_analysis.c */; };
		D55AAC8B26E8F9C100DD41EA /* id3tag.c in Sources */ = {isa = PBXBuildFile; fileRef = EA8CC0D509A39A5E001379B8 /* id3tag.c */; };
		D55AAC8C26E8F9C100DD41EA /* lame.c in Sources */ = {isa = PBXBuildFile; fileRef = EA8CC0D909A39A5E001379B8 /* lame.c */; };
		D55AAC8D26E8F9C100DD41EA /* mpglib_interface.c in Sources */ = {isa = PBXBuildFile; fileRef = EA8CC0E009A39A5E001379B8 /* mpglib_interface.c */; };
		D55AAC8E26E8F9C100DD41EA /* newmdct.c in Sources */ = {isa = PBXBuildFile; fileRef = EA8CC0E109A39A5E001379B8 /* newmdct.c */; };
		D55AAC8F26E8F9C100DD41EA /* presets.c in Sources */ = {isa = PBXBuildFile; fileRef = EA8CC0E309A39A5E001379B8 /* presets.c */; };
		D55AAC9026E8F9C100DD41EA /* psymodel.c in Sources */ = {isa = PBXBuildFile; fileRef = EA8CC0E409A39A5E001379B8 /* psymodel.c */; };
		D55AAC9126E8F9C100DD41EA /* quantize.c in Sources */ = {isa = PBXBuildFile; fileRef = EA8CC0E609A39A5E001379B8 /* quantize.c */; };
		D55AAC9226E8F9C100DD41EA /* quantize_pvt.c in Sources */ = {isa = PBXBuildFile; fileRef = EA8CC0E809A39A5E001379B8 /* quantize_pvt.c */; };
		D55AAC9326E8F9C100DD41EA /* reservoir.c in Sources */ = {isa = PBXBuildFile; fileRef = EA8CC0EA09A39A5E001379B8 /* reservoir.c */; };
		D55AAC9426E8F9C100DD41EA /* set_get.c in Sources */ = {isa = PBXBuildFile; fileRef = EA8CC0EC09A39A5E001379B8 /* set_get.c */; };
		D55AAC9526E8F9C100DD41EA /* tables.c in Sources */ = {isa = PBXBuildFile; fileRef = EA8CC0EE09A39A5E001379B8 /* tables.c */; };
		D55AAC9626E8F9C100DD41EA /* takehiro.c in Sources */ = {isa = PBXBuildFile; fileRef = EA8CC0F009A39A5E001379B8 /* takehiro.c */; };
		D55AAC9726E8F9C100DD41EA /* util.c in Sources */ = {isa = PBXBuildFile; fileRef = EA8CC0F109A39A5E001379B8 /* util.c */; };
		D55AAC9826E8F9C100DD41EA /* vbrquantize.c in Sources */ = {isa = PBXBuildFile; fileRef = EA8CC0F309A39A5E001379B8 /* vbrquantize.c */; };
		D55AAC9926E8F9C100DD41EA /* VbrTag.c in Sources */ = {isa = PBXBuildFile; fileRef = EA8CC0F509A39A5E001379B8 /* VbrTag.c */; };
		D55AAC9A26E8F9C100DD41EA /* version.c in Sources */ = {isa = PBXBuildFile; fileRef = EA8CC0F709A39A5E001379B8 /* version.c */; };
		D55AACA326E8FB3D00DD41EA /* LAME_Prefix.pch in Headers */ = {isa = PBXBuildFile; fileRef = 32BAE0B70371A74B00C91783 /* LAME_Prefix.pch */; };
		D55AACA426E8FB3D00DD41EA /* lame.h in Headers */ = {isa = PBXBuildFile; fileRef = EA8CC08709A39A49001379B8 /* lame.h */; settings = {ATTRIBUTES = (Public, ); }; };
		D55AACA526E8FB3D00DD41EA /* common.h in Headers */ = {isa = PBXBuildFile; fileRef = EA8CC08B09A39A55001379B8 /* common.h */; };
		D55AACA626E8FB3D00DD41EA /* dct64_i386.h in Headers */ = {isa = PBXBuildFile; fileRef = EA8CC08D09A39A55001379B8 /* dct64_i386.h */; };
		D55AACA726E8FB3D00DD41EA /* decode_i386.h in Headers */ = {isa = PBXBuildFile; fileRef = EA8CC08F09A39A55001379B8 /* decode_i386.h */; };
		D55AACA826E8FB3D00DD41EA /* huffman.h in Headers */ = {isa = PBXBuildFile; fileRef = EA8CC09109A39A55001379B8 /* huffman.h */; };
		D55AACA926E8FB3D00DD41EA /* interface.h in Headers */ = {isa = PBXBuildFile; fileRef = EA8CC09309A39A55001379B8 /* interface.h */; };
		D55AACAA26E8FB3D00DD41EA /* l2tables.h in Headers */ = {isa = PBXBuildFile; fileRef = EA8CC09409A39A55001379B8 /* l2tables.h */; };
		D55AACAB26E8FB3D00DD41EA /* layer1.h in Headers */ = {isa = PBXBuildFile; fileRef = EA8CC09609A39A55001379B8 /* layer1.h */; };
		D55AACAC26E8FB3D00DD41EA /* layer2.h in Headers */ = {isa = PBXBuildFile; fileRef = EA8CC09809A39A55001379B8 /* layer2.h */; };
		D55AACAD26E8FB3D00DD41EA /* layer3.h in Headers */ = {isa = PBXBuildFile; fileRef = EA8CC09A09A39A55001379B8 /* layer3.h */; };
		D55AACAE26E8FB3D00DD41EA /* mpg123.h in Headers */ = {isa = PBXBuildFile; fileRef = EA8CC09D09A39A55001379B8 /* mpg123.h */; };
		D55AACAF26E8FB3D00DD41EA /* mpglib.h in Headers */ = {isa = PBXBuildFile; fileRef = EA8CC09E09A39A55001379B8 /* mpglib.h */; };
		D55AACB026E8FB3D00DD41EA /* tabinit.h in Headers */ = {isa = PBXBuildFile; fileRef = EA8CC0A309A39A55001379B8 /* tabinit.h */; };
		D55AACB126E8FB3D00DD41EA /* bitstream.h in Headers */ = {isa = PBXBuildFile; fileRef = EA8CC0C209A39A5E001379B8 /* bitstream.h */; };
		D55AACB226E8FB3D00DD41EA /* encoder.h in Headers */ = {isa = PBXBuildFile; fileRef = EA8CC0C509A39A5E001379B8 /* encoder.h */; };
		D55AACB326E8FB3D00DD41EA /* fft.h in Headers */ = {isa = PBXBuildFile; fileRef = EA8CC0C709A39A5E001379B8 /* fft.h */; };
		D55AACB426E8FB3D00DD41EA /* gain_analysis.h in Headers */ = {isa = PBXBuildFile; fileRef = EA8CC0C909A39A5E001379B8 /* gain_analysis.h */; };
		D55AACB526E8FB3D00DD41EA /* id3tag.h in Headers */ = {isa = PBXBuildFile; fileRef = EA8CC0D609A39A5E001379B8 /* id3tag.h */; };
		D55AACB626E8FB3D00DD41EA /* l3side.h in Headers */ = {isa = PBXBuildFile; fileRef = EA8CC0D709A39A5E001379B8 /* l3side.h */; };
		D55AACB726E8FB3D00DD41EA /* lame-analysis.h in Headers */ = {isa = PBXBuildFile; fileRef = EA8CC0D809A39A5E001379B8 /* lame-analysis.h */; };
		D55AACB826E8FB3D00DD41EA /* lame_global_flags.h in Headers */ = {isa = PBXBuildFile; fileRef = EA8CC0DA09A39A5E001379B8 /* lame_global_flags.h */; };
		D55AACB926E8FB3D00DD41EA /* machine.h in Headers */ = {isa = PBXBuildFile; fileRef = EA8CC0DD09A39A5E001379B8 /* machine.h */; };
		D55AACBA26E8FB3D00DD41EA /* newmdct.h in Headers */ = {isa = PBXBuildFile; fileRef = EA8CC0E209A39A5E001379B8 /* newmdct.h */; };
		D55AACBB26E8FB3D00DD41EA /* psymodel.h in Headers */ = {isa = PBXBuildFile; fileRef = EA8CC0E509A39A5E001379B8 /* psymodel.h */; };
		D55AACBC26E8FB3D00DD41EA /* quantize.h in Headers */ = {isa = PBXBuildFile; fileRef = EA8CC0E709A39A5E001379B8 /* quantize.h */; };
		D55AACBD26E8FB3D00DD41EA /* quantize_pvt.h in Headers */ = {isa = PBXBuildFile; fileRef = EA8CC0E909A39A5E001379B8 /* quantize_pvt.h */; };
		D55AACBE26E8FB3D00DD41EA /* reservoir.h in Headers */ = {isa = PBXBuildFile; fileRef = EA8CC0EB09A39A5E001379B8 /* reservoir.h */; };
		D55AACBF26E8FB3D00DD41EA /* set_get.h in Headers */ = {isa = PBXBuildFile; fileRef = EA8CC0ED09A39A5E001379B8 /* set_get.h */; };
		D55AACC026E8FB3D00DD41EA /* tables.h in Headers */ = {isa = PBXBuildFile; fileRef = EA8CC0EF09A39A5E001379B8 /* tables.h */; };
		D55AACC126E8FB3D00DD41EA /* util.h in Headers */ = {isa = PBXBuildFile; fileRef = EA8CC0F209A39A5E001379B8 /* util.h */; };
		D55AACC226E8FB3D00DD41EA /* vbrquantize.h in Headers */ = {isa = PBXBuildFile; fileRef = EA8CC0F409A39A5E001379B8 /* vbrquantize.h */; };
		D55AACC326E8FB3D00DD41EA /* VbrTag.h in Headers */ = {isa = PBXBuildFile; fileRef = EA8CC0F609A39A5E001379B8 /* VbrTag.h */; };
		D55AACC426E8FB3D00DD41EA /* version.h in Headers */ = {isa = PBXBuildFile; fileRef = EA8CC0F809A39A5E001379B8 /* version.h */; };
		D55AACC526E8FB3D00DD41EA /* config.h in Headers */ = {isa = PBXBuildFile; fileRef = EA498C8C0DE5E37B00250F0E /* config.h */; };
		D55AACC826E8FB3D00DD41EA /* common.c in Sources */ = {isa = PBXBuildFile; fileRef = EA8CC08A09A39A55001379B8 /* common.c */; };
		D55AACC926E8FB3D00DD41EA /* dct64_i386.c in Sources */ = {isa = PBXBuildFile; fileRef = EA8CC08C09A39A55001379B8 /* dct64_i386.c */; };
		D55AACCA26E8FB3D00DD41EA /* decode_i386.c in Sources */ = {isa = PBXBuildFile; fileRef = EA8CC08E09A39A55001379B8 /* decode_i386.c */; };
		D55AACCB26E8FB3D00DD41EA /* interface.c in Sources */ = {isa = PBXBuildFile; fileRef = EA8CC09209A39A55001379B8 /* interface.c */; };
		D55AACCC26E8FB3D00DD41EA /* layer1.c in Sources */ = {isa = PBXBuildFile; fileRef = EA8CC09509A39A55001379B8 /* layer1.c */; };
		D55AACCD26E8FB3D00DD41EA /* layer2.c in Sources */ = {isa = PBXBuildFile; fileRef = EA8CC09709A39A55001379B8 /* layer2.c */; };
		D55AACCE26E8FB3D00DD41EA /* layer3.c in Sources */ = {isa = PBXBuildFile; fileRef = EA8CC09909A39A55001379B8 /* layer3.c */; };
		D55AACCF26E8FB3D00DD41EA /* tabinit.c in Sources */ = {isa = PBXBuildFile; fileRef = EA8CC0A209A39A55001379B8 /* tabinit.c */; };
		D55AACD026E8FB3D00DD41EA /* bitstream.c in Sources */ = {isa = PBXBuildFile; fileRef = EA8CC0C109A39A5E001379B8 /* bitstream.c */; };
		D55AACD126E8FB3D00DD41EA /* encoder.c in Sources */ = {isa = PBXBuildFile; fileRef = EA8CC0C409A39A5E001379B8 /* encoder.c */; };
		D55AACD226E8FB3D00DD41EA /* fft.c in Sources */ = {isa = PBXBuildFile; fileRef = EA8CC0C609A39A5E001379B8 /* fft.c */; };
		D55AACD326E8FB3D00DD41EA /* gain_analysis.c in Sources */ = {isa = PBXBuildFile; fileRef = EA8CC0C809A39A5E001379B8 /* gain_analysis.c */; };
		D55AACD426E8FB3D00DD41EA /* id3tag.c in Sources */ = {isa = PBXBuildFile; fileRef = EA8CC0D509A39A5E001379B8 /* id3tag.c */; };
		D55AACD526E8FB3D00DD41EA /* lame.c in Sources */ = {isa = PBXBuildFile; fileRef = EA8CC0D909A39A5E001379B8 /* lame.c */; };
		D55AACD626E8FB3D00DD41EA /* mpglib_interface.c in Sources */ = {isa = PBXBuildFile; fileRef = EA8CC0E009A39A5E001379B8 /* mpglib_interface.c */; };
		D55AACD726E8FB3D00DD41EA /* newmdct.c in Sources */ = {isa = PBXBuildFile; fileRef = EA8CC0E109A39A5E001379B8 /* newmdct.c */; };
		D55AACD826E8FB3D00DD41EA /* presets.c in Sources */ = {isa = PBXBuildFile; fileRef = EA8CC0E309A39A5E001379B8 /* presets.c */; };
		D55AACD926E8FB3D00DD41EA /* psymodel.c in Sources */ = {isa = PBXBuildFile; fileRef = EA8CC0E409A39A5E001379B8 /* psymodel.c */; };
		D55AACDA26E8FB3D00DD41EA /* quantize.c in Sources */ = {isa = PBXBuildFile; fileRef = EA8CC0E609A39A5E001379B8 /* quantize.c */; };
		D55AACDB26E8FB3D00DD41EA /* quantize_pvt.c in Sources */ = {isa = PBXBuildFile; fileRef = EA8CC0E809A39A5E001379B8 /* quantize_pvt.c */; };
		D55AACDC26E8FB3D00DD41EA /* reservoir.c in Sources */ = {isa = PBXBuildFile; fileRef = EA8CC0EA09A39A5E001379B8 /* reservoir.c */; };
		D55AACDD26E8FB3D00DD41EA /* set_get.c in Sources */ = {isa = PBXBuildFile; fileRef = EA8CC0EC09A39A5E001379B8 /* set_get.c */; };
		D55AACDE26E8FB3D00DD41EA /* tables.c in Sources */ = {isa = PBXBuildFile; fileRef = EA8CC0EE09A39A5E001379B8 /* tables.c */; };
		D55AACDF26E8FB3D00DD41EA /* takehiro.c in Sources */ = {isa = PBXBuildFile; fileRef = EA8CC0F009A39A5E001379B8 /* takehiro.c */; };
		D55AACE026E8FB3D00DD41EA /* util.c in Sources */ = {isa = PBXBuildFile; fileRef = EA8CC0F109A39A5E001379B8 /* util.c */; };
		D55AACE126E8FB3D00DD41EA /* vbrquantize.c in Sources */ = {isa = PBXBuildFile; fileRef = EA8CC0F309A39A5E001379B8 /* vbrquantize.c */; };
		D55AACE226E8FB3D00DD41EA /* VbrTag.c in Sources */ = {isa = PBXBuildFile; fileRef = EA8CC0F509A39A5E001379B8 /* VbrTag.c */; };
		D55AACE326E8FB3D00DD41EA /* version.c in Sources */ = {isa = PBXBuildFile; fileRef = EA8CC0F709A39A5E001379B8 /* version.c */; };
		D55AACEC26E8FBD100DD41EA /* LAME_Prefix.pch in Headers */ = {isa = PBXBuildFile; fileRef = 32BAE0B70371A74B00C91783 /* LAME_Prefix.pch */; };
		D55AACED26E8FBD100DD41EA /* lame.h in Headers */ = {isa = PBXBuildFile; fileRef = EA8CC08709A39A49001379B8 /* lame.h */; settings = {ATTRIBUTES = (Public, ); }; };
		D55AACEE26E8FBD100DD41EA /* common.h in Headers */ = {isa = PBXBuildFile; fileRef = EA8CC08B09A39A55001379B8 /* common.h */; };
		D55AACEF26E8FBD100DD41EA /* dct64_i386.h in Headers */ = {isa = PBXBuildFile; fileRef = EA8CC08D09A39A55001379B8 /* dct64_i386.h */; };
		D55AACF026E8FBD100DD41EA /* decode_i386.h in Headers */ = {isa = PBXBuildFile; fileRef = EA8CC08F09A39A55001379B8 /* decode_i386.h */; };
		D55AACF126E8FBD100DD41EA /* huffman.h in Headers */ = {isa = PBXBuildFile; fileRef = EA8CC09109A39A55001379B8 /* huffman.h */; };
		D55AACF226E8FBD100DD41EA /* interface.h in Headers */ = {isa = PBXBuildFile; fileRef = EA8CC09309A39A55001379B8 /* interface.h */; };
		D55AACF326E8FBD100DD41EA /* l2tables.h in Headers */ = {isa = PBXBuildFile; fileRef = EA8CC09409A39A55001379B8 /* l2tables.h */; };
		D55AACF426E8FBD100DD41EA /* layer1.h in Headers */ = {isa = PBXBuildFile; fileRef = EA8CC09609A39A55001379B8 /* layer1.h */; };
		D55AACF526E8FBD100DD41EA /* layer2.h in Headers */ = {isa = PBXBuildFile; fileRef = EA8CC09809A39A55001379B8 /* layer2.h */; };
		D55AACF626E8FBD100DD41EA /* layer3.h in Headers */ = {isa = PBXBuildFile; fileRef = EA8CC09A09A39A55001379B8 /* layer3.h */; };
		D55AACF726E8FBD100DD41EA /* mpg123.h in Headers */ = {isa = PBXBuildFile; fileRef = EA8CC09D09A39A55001379B8 /* mpg123.h */; };
		D55AACF826E8FBD100DD41EA /* mpglib.h in Headers */ = {isa = PBXBuildFile; fileRef = EA8CC09E09A39A55001379B8 /* mpglib.h */; };
		D55AACF926E8FBD100DD41EA /* tabinit.h in Headers */ = {isa = PBXBuildFile; fileRef = EA8CC0A309A39A55001379B8 /* tabinit.h */; };
		D55AACFA26E8FBD100DD41EA /* bitstream.h in Headers */ = {isa = PBXBuildFile; fileRef = EA8CC0C209A39A5E001379B8 /* bitstream.h */; };
		D55AACFB26E8FBD100DD41EA /* encoder.h in Headers */ = {isa = PBXBuildFile; fileRef = EA8CC0C509A39A5E001379B8 /* encoder.h */; };
		D55AACFC26E8FBD100DD41EA /* fft.h in Headers */ = {isa = PBXBuildFile; fileRef = EA8CC0C709A39A5E001379B8 /* fft.h */; };
		D55AACFD26E8FBD100DD41EA /* gain_analysis.h in Headers */ = {isa = PBXBuildFile; fileRef = EA8CC0C909A39A5E001379B8 /* gain_analysis.h */; };
		D55AACFE26E8FBD100DD41EA /* id3tag.h in Headers */ = {isa = PBXBuildFile; fileRef = EA8CC0D609A39A5E001379B8 /* id3tag.h */; };
		D55AACFF26E8FBD100DD41EA /* l3side.h in Headers */ = {isa = PBXBuildFile; fileRef = EA8CC0D709A39A5E001379B8 /* l3side.h */; };
		D55AAD0026E8FBD100DD41EA /* lame-analysis.h in Headers */ = {isa = PBXBuildFile; fileRef = EA8CC0D809A39A5E001379B8 /* lame-analysis.h */; };
		D55AAD0126E8FBD100DD41EA /* lame_global_flags.h in Headers */ = {isa = PBXBuildFile; fileRef = EA8CC0DA09A39A5E001379B8 /* lame_global_flags.h */; };
		D55AAD0226E8FBD100DD41EA /* machine.h in Headers */ = {isa = PBXBuildFile; fileRef = EA8CC0DD09A39A5E001379B8 /* machine.h */; };
		D55AAD0326E8FBD100DD41EA /* newmdct.h in Headers */ = {isa = PBXBuildFile; fileRef = EA8CC0E209A39A5E001379B8 /* newmdct.h */; };
		D55AAD0426E8FBD100DD41EA /* psymodel.h in Headers */ = {isa = PBXBuildFile; fileRef = EA8CC0E509A39A5E001379B8 /* psymodel.h */; };
		D55AAD0526E8FBD100DD41EA /* quantize.h in Headers */ = {isa = PBXBuildFile; fileRef = EA8CC0E709A39A5E001379B8 /* quantize.h */; };
		D55AAD0626E8FBD100DD41EA /* quantize_pvt.h in Headers */ = {isa = PBXBuildFile; fileRef = EA8CC0E909A39A5E001379B8 /* quantize_pvt.h */; };
		D55AAD0726E8FBD100DD41EA /* reservoir.h in Headers */ = {isa = PBXBuildFile; fileRef = EA8CC0EB09A39A5E001379B8 /* reservoir.h */; };
		D55AAD0826E8FBD100DD41EA /* set_get.h in Headers */ = {isa = PBXBuildFile; fileRef = EA8CC0ED09A39A5E001379B8 /* set_get.h */; };
		D55AAD0926E8FBD100DD41EA /* tables.h in Headers */ = {isa = PBXBuildFile; fileRef = EA8CC0EF09A39A5E001379B8 /* tables.h */; };
		D55AAD0A26E8FBD100DD41EA /* util.h in Headers */ = {isa = PBXBuildFile; fileRef = EA8CC0F209A39A5E001379B8 /* util.h */; };
		D55AAD0B26E8FBD100DD41EA /* vbrquantize.h in Headers */ = {isa = PBXBuildFile; fileRef = EA8CC0F409A39A5E001379B8 /* vbrquantize.h */; };
		D55AAD0C26E8FBD100DD41EA /* VbrTag.h in Headers */ = {isa = PBXBuildFile; fileRef = EA8CC0F609A39A5E001379B8 /* VbrTag.h */; };
		D55AAD0D26E8FBD100DD41EA /* version.h in Headers */ = {isa = PBXBuildFile; fileRef = EA8CC0F809A39A5E001379B8 /* version.h */; };
		D55AAD0E26E8FBD100DD41EA /* config.h in Headers */ = {isa = PBXBuildFile; fileRef = EA498C8C0DE5E37B00250F0E /* config.h */; };
		D55AAD1126E8FBD100DD41EA /* common.c in Sources */ = {isa = PBXBuildFile; fileRef = EA8CC08A09A39A55001379B8 /* common.c */; };
		D55AAD1226E8FBD100DD41EA /* dct64_i386.c in Sources */ = {isa = PBXBuildFile; fileRef = EA8CC08C09A39A55001379B8 /* dct64_i386.c */; };
		D55AAD1326E8FBD100DD41EA /* decode_i386.c in Sources */ = {isa = PBXBuildFile; fileRef = EA8CC08E09A39A55001379B8 /* decode_i386.c */; };
		D55AAD1426E8FBD100DD41EA /* interface.c in Sources */ = {isa = PBXBuildFile; fileRef = EA8CC09209A39A55001379B8 /* interface.c */; };
		D55AAD1526E8FBD100DD41EA /* layer1.c in Sources */ = {isa = PBXBuildFile; fileRef = EA8CC09509A39A55001379B8 /* layer1.c */; };
		D55AAD1626E8FBD100DD41EA /* layer2.c in Sources */ = {isa = PBXBuildFile; fileRef = EA8CC09709A39A55001379B8 /* layer2.c */; };
		D55AAD1726E8FBD100DD41EA /* layer3.c in Sources */ = {isa = PBXBuildFile; fileRef = EA8CC09909A39A55001379B8 /* layer3.c */; };
		D55AAD1826E8FBD100DD41EA /* tabinit.c in Sources */ = {isa = PBXBuildFile; fileRef = EA8CC0A209A39A55001379B8 /* tabinit.c */; };
		D55AAD1926E8FBD100DD41EA /* bitstream.c in Sources */ = {isa = PBXBuildFile; fileRef = EA8CC0C109A39A5E001379B8 /* bitstream.c */; };
		D55AAD1A26E8FBD100DD41EA /* encoder.c in Sources */ = {isa = PBXBuildFile; fileRef = EA8CC0C409A39A5E001379B8 /* encoder.c */; };
		D55AAD1B26E8FBD100DD41EA /* fft.c in Sources */ = {isa = PBXBuildFile; fileRef = EA8CC0C609A39A5E001379B8 /* fft.c */; };
		D55AAD1C26E8FBD100DD41EA /* gain_analysis.c in Sources */ = {isa = PBXBuildFile; fileRef = EA8CC0C809A39A5E001379B8 /* gain_analysis.c */; };
		D55AAD1D26E8FBD100DD41EA /* id3tag.c in Sources */ = {isa = PBXBuildFile; fileRef = EA8CC0D509A39A5E001379B8 /* id3tag.c */; };
		D55AAD1E26E8FBD100DD41EA /* lame.c in Sources */ = {isa = PBXBuildFile; fileRef = EA8CC0D909A39A5E001379B8 /* lame.c */; };
		D55AAD1F26E8FBD100DD41EA /* mpglib_interface.c in Sources */ = {isa = PBXBuildFile; fileRef = EA8CC0E009A39A5E001379B8 /* mpglib_interface.c */; };
		D55AAD2026E8FBD100DD41EA /* newmdct.c in Sources */ = {isa = PBXBuildFile; fileRef = EA8CC0E109A39A5E001379B8 /* newmdct.c */; };
		D55AAD2126E8FBD100DD41EA /* presets.c in Sources */ = {isa = PBXBuildFile; fileRef = EA8CC0E309A39A5E001379B8 /* presets.c */; };
		D55AAD2226E8FBD100DD41EA /* psymodel.c in Sources */ = {isa = PBXBuildFile; fileRef = EA8CC0E409A39A5E001379B8 /* psymodel.c */; };
		D55AAD2326E8FBD100DD41EA /* quantize.c in Sources */ = {isa = PBXBuildFile; fileRef = EA8CC0E609A39A5E001379B8 /* quantize.c */; };
		D55AAD2426E8FBD100DD41EA /* quantize_pvt.c in Sources */ = {isa = PBXBuildFile; fileRef = EA8CC0E809A39A5E001379B8 /* quantize_pvt.c */; };
		D55AAD2526E8FBD100DD41EA /* reservoir.c in Sources */ = {isa = PBXBuildFile; fileRef = EA8CC0EA09A39A5E001379B8 /* reservoir.c */; };
		D55AAD2626E8FBD100DD41EA /* set_get.c in Sources */ = {isa = PBXBuildFile; fileRef = EA8CC0EC09A39A5E001379B8 /* set_get.c */; };
		D55AAD2726E8FBD100DD41EA /* tables.c in Sources */ = {isa = PBXBuildFile; fileRef = EA8CC0EE09A39A5E001379B8 /* tables.c */; };
		D55AAD2826E8FBD100DD41EA /* takehiro.c in Sources */ = {isa = PBXBuildFile; fileRef = EA8CC0F009A39A5E001379B8 /* takehiro.c */; };
		D55AAD2926E8FBD100DD41EA /* util.c in Sources */ = {isa = PBXBuildFile; fileRef = EA8CC0F109A39A5E001379B8 /* util.c */; };
		D55AAD2A26E8FBD100DD41EA /* vbrquantize.c in Sources */ = {isa = PBXBuildFile; fileRef = EA8CC0F309A39A5E001379B8 /* vbrquantize.c */; };
		D55AAD2B26E8FBD100DD41EA /* VbrTag.c in Sources */ = {isa = PBXBuildFile; fileRef = EA8CC0F509A39A5E001379B8 /* VbrTag.c */; };
		D55AAD2C26E8FBD100DD41EA /* version.c in Sources */ = {isa = PBXBuildFile; fileRef = EA8CC0F709A39A5E001379B8 /* version.c */; };
		EA498C8D0DE5E37B00250F0E /* config.h in Headers */ = {isa = PBXBuildFile; fileRef = EA498C8C0DE5E37B00250F0E /* config.h */; };
		EA8CC08809A39A49001379B8 /* lame.h in Headers */ = {isa = PBXBuildFile; fileRef = EA8CC08709A39A49001379B8 /* lame.h */; settings = {ATTRIBUTES = (Public, ); }; };
		EA8CC0A509A39A55001379B8 /* common.c in Sources */ = {isa = PBXBuildFile; fileRef = EA8CC08A09A39A55001379B8 /* common.c */; };
		EA8CC0A609A39A55001379B8 /* common.h in Headers */ = {isa = PBXBuildFile; fileRef = EA8CC08B09A39A55001379B8 /* common.h */; };
		EA8CC0A709A39A55001379B8 /* dct64_i386.c in Sources */ = {isa = PBXBuildFile; fileRef = EA8CC08C09A39A55001379B8 /* dct64_i386.c */; };
		EA8CC0A809A39A55001379B8 /* dct64_i386.h in Headers */ = {isa = PBXBuildFile; fileRef = EA8CC08D09A39A55001379B8 /* dct64_i386.h */; };
		EA8CC0A909A39A55001379B8 /* decode_i386.c in Sources */ = {isa = PBXBuildFile; fileRef = EA8CC08E09A39A55001379B8 /* decode_i386.c */; };
		EA8CC0AA09A39A55001379B8 /* decode_i386.h in Headers */ = {isa = PBXBuildFile; fileRef = EA8CC08F09A39A55001379B8 /* decode_i386.h */; };
		EA8CC0AC09A39A55001379B8 /* huffman.h in Headers */ = {isa = PBXBuildFile; fileRef = EA8CC09109A39A55001379B8 /* huffman.h */; };
		EA8CC0AD09A39A55001379B8 /* interface.c in Sources */ = {isa = PBXBuildFile; fileRef = EA8CC09209A39A55001379B8 /* interface.c */; };
		EA8CC0AE09A39A55001379B8 /* interface.h in Headers */ = {isa = PBXBuildFile; fileRef = EA8CC09309A39A55001379B8 /* interface.h */; };
		EA8CC0AF09A39A55001379B8 /* l2tables.h in Headers */ = {isa = PBXBuildFile; fileRef = EA8CC09409A39A55001379B8 /* l2tables.h */; };
		EA8CC0B009A39A55001379B8 /* layer1.c in Sources */ = {isa = PBXBuildFile; fileRef = EA8CC09509A39A55001379B8 /* layer1.c */; };
		EA8CC0B109A39A55001379B8 /* layer1.h in Headers */ = {isa = PBXBuildFile; fileRef = EA8CC09609A39A55001379B8 /* layer1.h */; };
		EA8CC0B209A39A55001379B8 /* layer2.c in Sources */ = {isa = PBXBuildFile; fileRef = EA8CC09709A39A55001379B8 /* layer2.c */; };
		EA8CC0B309A39A55001379B8 /* layer2.h in Headers */ = {isa = PBXBuildFile; fileRef = EA8CC09809A39A55001379B8 /* layer2.h */; };
		EA8CC0B409A39A55001379B8 /* layer3.c in Sources */ = {isa = PBXBuildFile; fileRef = EA8CC09909A39A55001379B8 /* layer3.c */; };
		EA8CC0B509A39A55001379B8 /* layer3.h in Headers */ = {isa = PBXBuildFile; fileRef = EA8CC09A09A39A55001379B8 /* layer3.h */; };
		EA8CC0B809A39A55001379B8 /* mpg123.h in Headers */ = {isa = PBXBuildFile; fileRef = EA8CC09D09A39A55001379B8 /* mpg123.h */; };
		EA8CC0B909A39A55001379B8 /* mpglib.h in Headers */ = {isa = PBXBuildFile; fileRef = EA8CC09E09A39A55001379B8 /* mpglib.h */; };
		EA8CC0BD09A39A55001379B8 /* tabinit.c in Sources */ = {isa = PBXBuildFile; fileRef = EA8CC0A209A39A55001379B8 /* tabinit.c */; };
		EA8CC0BE09A39A55001379B8 /* tabinit.h in Headers */ = {isa = PBXBuildFile; fileRef = EA8CC0A309A39A55001379B8 /* tabinit.h */; };
		EA8CC0F909A39A5E001379B8 /* bitstream.c in Sources */ = {isa = PBXBuildFile; fileRef = EA8CC0C109A39A5E001379B8 /* bitstream.c */; };
		EA8CC0FA09A39A5E001379B8 /* bitstream.h in Headers */ = {isa = PBXBuildFile; fileRef = EA8CC0C209A39A5E001379B8 /* bitstream.h */; };
		EA8CC0FC09A39A5E001379B8 /* encoder.c in Sources */ = {isa = PBXBuildFile; fileRef = EA8CC0C409A39A5E001379B8 /* encoder.c */; };
		EA8CC0FD09A39A5E001379B8 /* encoder.h in Headers */ = {isa = PBXBuildFile; fileRef = EA8CC0C509A39A5E001379B8 /* encoder.h */; };
		EA8CC0FE09A39A5E001379B8 /* fft.c in Sources */ = {isa = PBXBuildFile; fileRef = EA8CC0C609A39A5E001379B8 /* fft.c */; };
		EA8CC0FF09A39A5E001379B8 /* fft.h in Headers */ = {isa = PBXBuildFile; fileRef = EA8CC0C709A39A5E001379B8 /* fft.h */; };
		EA8CC10009A39A5E001379B8 /* gain_analysis.c in Sources */ = {isa = PBXBuildFile; fileRef = EA8CC0C809A39A5E001379B8 /* gain_analysis.c */; };
		EA8CC10109A39A5E001379B8 /* gain_analysis.h in Headers */ = {isa = PBXBuildFile; fileRef = EA8CC0C909A39A5E001379B8 /* gain_analysis.h */; };
		EA8CC10C09A39A5E001379B8 /* id3tag.c in Sources */ = {isa = PBXBuildFile; fileRef = EA8CC0D509A39A5E001379B8 /* id3tag.c */; };
		EA8CC10D09A39A5E001379B8 /* id3tag.h in Headers */ = {isa = PBXBuildFile; fileRef = EA8CC0D609A39A5E001379B8 /* id3tag.h */; };
		EA8CC10E09A39A5E001379B8 /* l3side.h in Headers */ = {isa = PBXBuildFile; fileRef = EA8CC0D709A39A5E001379B8 /* l3side.h */; };
		EA8CC10F09A39A5E001379B8 /* lame-analysis.h in Headers */ = {isa = PBXBuildFile; fileRef = EA8CC0D809A39A5E001379B8 /* lame-analysis.h */; };
		EA8CC11009A39A5E001379B8 /* lame.c in Sources */ = {isa = PBXBuildFile; fileRef = EA8CC0D909A39A5E001379B8 /* lame.c */; };
		EA8CC11109A39A5E001379B8 /* lame_global_flags.h in Headers */ = {isa = PBXBuildFile; fileRef = EA8CC0DA09A39A5E001379B8 /* lame_global_flags.h */; };
		EA8CC11409A39A5E001379B8 /* machine.h in Headers */ = {isa = PBXBuildFile; fileRef = EA8CC0DD09A39A5E001379B8 /* machine.h */; };
		EA8CC11709A39A5E001379B8 /* mpglib_interface.c in Sources */ = {isa = PBXBuildFile; fileRef = EA8CC0E009A39A5E001379B8 /* mpglib_interface.c */; };
		EA8CC11809A39A5E001379B8 /* newmdct.c in Sources */ = {isa = PBXBuildFile; fileRef = EA8CC0E109A39A5E001379B8 /* newmdct.c */; };
		EA8CC11909A39A5E001379B8 /* newmdct.h in Headers */ = {isa = PBXBuildFile; fileRef = EA8CC0E209A39A5E001379B8 /* newmdct.h */; };
		EA8CC11A09A39A5E001379B8 /* presets.c in Sources */ = {isa = PBXBuildFile; fileRef = EA8CC0E309A39A5E001379B8 /* presets.c */; };
		EA8CC11B09A39A5E001379B8 /* psymodel.c in Sources */ = {isa = PBXBuildFile; fileRef = EA8CC0E409A39A5E001379B8 /* psymodel.c */; };
		EA8CC11C09A39A5E001379B8 /* psymodel.h in Headers */ = {isa = PBXBuildFile; fileRef = EA8CC0E509A39A5E001379B8 /* psymodel.h */; };
		EA8CC11D09A39A5E001379B8 /* quantize.c in Sources */ = {isa = PBXBuildFile; fileRef = EA8CC0E609A39A5E001379B8 /* quantize.c */; };
		EA8CC11E09A39A5E001379B8 /* quantize.h in Headers */ = {isa = PBXBuildFile; fileRef = EA8CC0E709A39A5E001379B8 /* quantize.h */; };
		EA8CC11F09A39A5E001379B8 /* quantize_pvt.c in Sources */ = {isa = PBXBuildFile; fileRef = EA8CC0E809A39A5E001379B8 /* quantize_pvt.c */; };
		EA8CC12009A39A5E001379B8 /* quantize_pvt.h in Headers */ = {isa = PBXBuildFile; fileRef = EA8CC0E909A39A5E001379B8 /* quantize_pvt.h */; };
		EA8CC12109A39A5E001379B8 /* reservoir.c in Sources */ = {isa = PBXBuildFile; fileRef = EA8CC0EA09A39A5E001379B8 /* reservoir.c */; };
		EA8CC12209A39A5E001379B8 /* reservoir.h in Headers */ = {isa = PBXBuildFile; fileRef = EA8CC0EB09A39A5E001379B8 /* reservoir.h */; };
		EA8CC12309A39A5E001379B8 /* set_get.c in Sources */ = {isa = PBXBuildFile; fileRef = EA8CC0EC09A39A5E001379B8 /* set_get.c */; };
		EA8CC12409A39A5E001379B8 /* set_get.h in Headers */ = {isa = PBXBuildFile; fileRef = EA8CC0ED09A39A5E001379B8 /* set_get.h */; };
		EA8CC12509A39A5E001379B8 /* tables.c in Sources */ = {isa = PBXBuildFile; fileRef = EA8CC0EE09A39A5E001379B8 /* tables.c */; };
		EA8CC12609A39A5E001379B8 /* tables.h in Headers */ = {isa = PBXBuildFile; fileRef = EA8CC0EF09A39A5E001379B8 /* tables.h */; };
		EA8CC12709A39A5E001379B8 /* takehiro.c in Sources */ = {isa = PBXBuildFile; fileRef = EA8CC0F009A39A5E001379B8 /* takehiro.c */; };
		EA8CC12809A39A5E001379B8 /* util.c in Sources */ = {isa = PBXBuildFile; fileRef = EA8CC0F109A39A5E001379B8 /* util.c */; };
		EA8CC12909A39A5E001379B8 /* util.h in Headers */ = {isa = PBXBuildFile; fileRef = EA8CC0F209A39A5E001379B8 /* util.h */; };
		EA8CC12A09A39A5E001379B8 /* vbrquantize.c in Sources */ = {isa = PBXBuildFile; fileRef = EA8CC0F309A39A5E001379B8 /* vbrquantize.c */; };
		EA8CC12B09A39A5E001379B8 /* vbrquantize.h in Headers */ = {isa = PBXBuildFile; fileRef = EA8CC0F409A39A5E001379B8 /* vbrquantize.h */; };
		EA8CC12C09A39A5E001379B8 /* VbrTag.c in Sources */ = {isa = PBXBuildFile; fileRef = EA8CC0F509A39A5E001379B8 /* VbrTag.c */; };
		EA8CC12D09A39A5E001379B8 /* VbrTag.h in Headers */ = {isa = PBXBuildFile; fileRef = EA8CC0F609A39A5E001379B8 /* VbrTag.h */; };
		EA8CC12E09A39A5E001379B8 /* version.c in Sources */ = {isa = PBXBuildFile; fileRef = EA8CC0F709A39A5E001379B8 /* version.c */; };
		EA8CC12F09A39A5E001379B8 /* version.h in Headers */ = {isa = PBXBuildFile; fileRef = EA8CC0F809A39A5E001379B8 /* version.h */; };
/* End PBXBuildFile section */

/* Begin PBXFileReference section */
		32BAE0B70371A74B00C91783 /* LAME_Prefix.pch */ = {isa = PBXFileReference; fileEncoding = 4; lastKnownFileType = sourcecode.c.h; path = LAME_Prefix.pch; sourceTree = "<group>"; };
		8D07F2C70486CC7A007CD1D0 /* Info.plist */ = {isa = PBXFileReference; fileEncoding = 4; lastKnownFileType = text.plist; path = Info.plist; sourceTree = "<group>"; };
		8D07F2C80486CC7A007CD1D0 /* LAME.framework */ = {isa = PBXFileReference; explicitFileType = wrapper.framework; includeInIndex = 0; path = LAME.framework; sourceTree = BUILT_PRODUCTS_DIR; };
		D50E03052B9372D90066CB31 /* LAME.framework */ = {isa = PBXFileReference; explicitFileType = wrapper.framework; includeInIndex = 0; path = LAME.framework; sourceTree = BUILT_PRODUCTS_DIR; };
		D50E032E2B937A410066CB31 /* Products */ = {isa = PBXFileReference; lastKnownFileType = text; name = Products; path = ..; sourceTree = BUILT_PRODUCTS_DIR; };
		D54618792C38E5BA007E2E82 /* PrivacyInfo.xcprivacy */ = {isa = PBXFileReference; lastKnownFileType = text.xml; path = PrivacyInfo.xcprivacy; sourceTree = "<group>"; };
		D55AAC5726E8F72800DD41EA /* Lame-Framework.xcconfig */ = {isa = PBXFileReference; lastKnownFileType = text.xcconfig; path = "Lame-Framework.xcconfig"; sourceTree = "<group>"; };
		D55AAC9F26E8F9C100DD41EA /* LAME.framework */ = {isa = PBXFileReference; explicitFileType = wrapper.framework; includeInIndex = 0; path = LAME.framework; sourceTree = BUILT_PRODUCTS_DIR; };
		D55AACE826E8FB3D00DD41EA /* LAME.framework */ = {isa = PBXFileReference; explicitFileType = wrapper.framework; includeInIndex = 0; path = LAME.framework; sourceTree = BUILT_PRODUCTS_DIR; };
		D55AAD3126E8FBD100DD41EA /* LAME.framework */ = {isa = PBXFileReference; explicitFileType = wrapper.framework; includeInIndex = 0; path = LAME.framework; sourceTree = BUILT_PRODUCTS_DIR; };
		EA498C8C0DE5E37B00250F0E /* config.h */ = {isa = PBXFileReference; fileEncoding = 4; lastKnownFileType = sourcecode.c.h; name = config.h; path = ../config.h; sourceTree = "<group>"; };
		EA8CC08709A39A49001379B8 /* lame.h */ = {isa = PBXFileReference; fileEncoding = 30; lastKnownFileType = sourcecode.c.h; name = lame.h; path = ../include/lame.h; sourceTree = "<group>"; };
		EA8CC08A09A39A55001379B8 /* common.c */ = {isa = PBXFileReference; fileEncoding = 30; lastKnownFileType = sourcecode.c.c; path = common.c; sourceTree = "<group>"; };
		EA8CC08B09A39A55001379B8 /* common.h */ = {isa = PBXFileReference; fileEncoding = 30; lastKnownFileType = sourcecode.c.h; path = common.h; sourceTree = "<group>"; };
		EA8CC08C09A39A55001379B8 /* dct64_i386.c */ = {isa = PBXFileReference; fileEncoding = 30; lastKnownFileType = sourcecode.c.c; path = dct64_i386.c; sourceTree = "<group>"; };
		EA8CC08D09A39A55001379B8 /* dct64_i386.h */ = {isa = PBXFileReference; fileEncoding = 30; lastKnownFileType = sourcecode.c.h; path = dct64_i386.h; sourceTree = "<group>"; };
		EA8CC08E09A39A55001379B8 /* decode_i386.c */ = {isa = PBXFileReference; fileEncoding = 30; lastKnownFileType = sourcecode.c.c; path = decode_i386.c; sourceTree = "<group>"; };
		EA8CC08F09A39A55001379B8 /* decode_i386.h */ = {isa = PBXFileReference; fileEncoding = 30; lastKnownFileType = sourcecode.c.h; path = decode_i386.h; sourceTree = "<group>"; };
		EA8CC09109A39A55001379B8 /* huffman.h */ = {isa = PBXFileReference; fileEncoding = 30; lastKnownFileType = sourcecode.c.h; path = huffman.h; sourceTree = "<group>"; };
		EA8CC09209A39A55001379B8 /* interface.c */ = {isa = PBXFileReference; fileEncoding = 30; lastKnownFileType = sourcecode.c.c; path = interface.c; sourceTree = "<group>"; };
		EA8CC09309A39A55001379B8 /* interface.h */ = {isa = PBXFileReference; fileEncoding = 30; lastKnownFileType = sourcecode.c.h; path = interface.h; sourceTree = "<group>"; };
		EA8CC09409A39A55001379B8 /* l2tables.h */ = {isa = PBXFileReference; fileEncoding = 30; lastKnownFileType = sourcecode.c.h; path = l2tables.h; sourceTree = "<group>"; };
		EA8CC09509A39A55001379B8 /* layer1.c */ = {isa = PBXFileReference; fileEncoding = 30; lastKnownFileType = sourcecode.c.c; path = layer1.c; sourceTree = "<group>"; };
		EA8CC09609A39A55001379B8 /* layer1.h */ = {isa = PBXFileReference; fileEncoding = 30; lastKnownFileType = sourcecode.c.h; path = layer1.h; sourceTree = "<group>"; };
		EA8CC09709A39A55001379B8 /* layer2.c */ = {isa = PBXFileReference; fileEncoding = 30; lastKnownFileType = sourcecode.c.c; path = layer2.c; sourceTree = "<group>"; };
		EA8CC09809A39A55001379B8 /* layer2.h */ = {isa = PBXFileReference; fileEncoding = 30; lastKnownFileType = sourcecode.c.h; path = layer2.h; sourceTree = "<group>"; };
		EA8CC09909A39A55001379B8 /* layer3.c */ = {isa = PBXFileReference; fileEncoding = 30; lastKnownFileType = sourcecode.c.c; path = layer3.c; sourceTree = "<group>"; };
		EA8CC09A09A39A55001379B8 /* layer3.h */ = {isa = PBXFileReference; fileEncoding = 30; lastKnownFileType = sourcecode.c.h; path = layer3.h; sourceTree = "<group>"; };
		EA8CC09D09A39A55001379B8 /* mpg123.h */ = {isa = PBXFileReference; fileEncoding = 30; lastKnownFileType = sourcecode.c.h; path = mpg123.h; sourceTree = "<group>"; };
		EA8CC09E09A39A55001379B8 /* mpglib.h */ = {isa = PBXFileReference; fileEncoding = 30; lastKnownFileType = sourcecode.c.h; path = mpglib.h; sourceTree = "<group>"; };
		EA8CC0A209A39A55001379B8 /* tabinit.c */ = {isa = PBXFileReference; fileEncoding = 30; lastKnownFileType = sourcecode.c.c; path = tabinit.c; sourceTree = "<group>"; };
		EA8CC0A309A39A55001379B8 /* tabinit.h */ = {isa = PBXFileReference; fileEncoding = 30; lastKnownFileType = sourcecode.c.h; path = tabinit.h; sourceTree = "<group>"; };
		EA8CC0C109A39A5E001379B8 /* bitstream.c */ = {isa = PBXFileReference; fileEncoding = 30; lastKnownFileType = sourcecode.c.c; path = bitstream.c; sourceTree = "<group>"; };
		EA8CC0C209A39A5E001379B8 /* bitstream.h */ = {isa = PBXFileReference; fileEncoding = 30; lastKnownFileType = sourcecode.c.h; path = bitstream.h; sourceTree = "<group>"; };
		EA8CC0C409A39A5E001379B8 /* encoder.c */ = {isa = PBXFileReference; fileEncoding = 30; lastKnownFileType = sourcecode.c.c; path = encoder.c; sourceTree = "<group>"; };
		EA8CC0C509A39A5E001379B8 /* encoder.h */ = {isa = PBXFileReference; fileEncoding = 30; lastKnownFileType = sourcecode.c.h; path = encoder.h; sourceTree = "<group>"; };
		EA8CC0C609A39A5E001379B8 /* fft.c */ = {isa = PBXFileReference; fileEncoding = 30; lastKnownFileType = sourcecode.c.c; path = fft.c; sourceTree = "<group>"; };
		EA8CC0C709A39A5E001379B8 /* fft.h */ = {isa = PBXFileReference; fileEncoding = 30; lastKnownFileType = sourcecode.c.h; path = fft.h; sourceTree = "<group>"; };
		EA8CC0C809A39A5E001379B8 /* gain_analysis.c */ = {isa = PBXFileReference; fileEncoding = 30; lastKnownFileType = sourcecode.c.c; path = gain_analysis.c; sourceTree = "<group>"; };
		EA8CC0C909A39A5E001379B8 /* gain_analysis.h */ = {isa = PBXFileReference; fileEncoding = 30; lastKnownFileType = sourcecode.c.h; path = gain_analysis.h; sourceTree = "<group>"; };
		EA8CC0D509A39A5E001379B8 /* id3tag.c */ = {isa = PBXFileReference; fileEncoding = 30; lastKnownFileType = sourcecode.c.c; path = id3tag.c; sourceTree = "<group>"; };
		EA8CC0D609A39A5E001379B8 /* id3tag.h */ = {isa = PBXFileReference; fileEncoding = 30; lastKnownFileType = sourcecode.c.h; path = id3tag.h; sourceTree = "<group>"; };
		EA8CC0D709A39A5E001379B8 /* l3side.h */ = {isa = PBXFileReference; fileEncoding = 30; lastKnownFileType = sourcecode.c.h; path = l3side.h; sourceTree = "<group>"; };
		EA8CC0D809A39A5E001379B8 /* lame-analysis.h */ = {isa = PBXFileReference; fileEncoding = 30; lastKnownFileType = sourcecode.c.h; path = "lame-analysis.h"; sourceTree = "<group>"; };
		EA8CC0D909A39A5E001379B8 /* lame.c */ = {isa = PBXFileReference; fileEncoding = 30; lastKnownFileType = sourcecode.c.c; path = lame.c; sourceTree = "<group>"; };
		EA8CC0DA09A39A5E001379B8 /* lame_global_flags.h */ = {isa = PBXFileReference; fileEncoding = 30; lastKnownFileType = sourcecode.c.h; path = lame_global_flags.h; sourceTree = "<group>"; };
		EA8CC0DD09A39A5E001379B8 /* machine.h */ = {isa = PBXFileReference; fileEncoding = 30; lastKnownFileType = sourcecode.c.h; path = machine.h; sourceTree = "<group>"; };
		EA8CC0E009A39A5E001379B8 /* mpglib_interface.c */ = {isa = PBXFileReference; fileEncoding = 30; lastKnownFileType = sourcecode.c.c; path = mpglib_interface.c; sourceTree = "<group>"; };
		EA8CC0E109A39A5E001379B8 /* newmdct.c */ = {isa = PBXFileReference; fileEncoding = 30; lastKnownFileType = sourcecode.c.c; path = newmdct.c; sourceTree = "<group>"; };
		EA8CC0E209A39A5E001379B8 /* newmdct.h */ = {isa = PBXFileReference; fileEncoding = 30; lastKnownFileType = sourcecode.c.h; path = newmdct.h; sourceTree = "<group>"; };
		EA8CC0E309A39A5E001379B8 /* presets.c */ = {isa = PBXFileReference; fileEncoding = 30; lastKnownFileType = sourcecode.c.c; path = presets.c; sourceTree = "<group>"; };
		EA8CC0E409A39A5E001379B8 /* psymodel.c */ = {isa = PBXFileReference; fileEncoding = 30; lastKnownFileType = sourcecode.c.c; path = psymodel.c; sourceTree = "<group>"; };
		EA8CC0E509A39A5E001379B8 /* psymodel.h */ = {isa = PBXFileReference; fileEncoding = 30; lastKnownFileType = sourcecode.c.h; path = psymodel.h; sourceTree = "<group>"; };
		EA8CC0E609A39A5E001379B8 /* quantize.c */ = {isa = PBXFileReference; fileEncoding = 30; lastKnownFileType = sourcecode.c.c; path = quantize.c; sourceTree = "<group>"; };
		EA8CC0E709A39A5E001379B8 /* quantize.h */ = {isa = PBXFileReference; fileEncoding = 30; lastKnownFileType = sourcecode.c.h; path = quantize.h; sourceTree = "<group>"; };
		EA8CC0E809A39A5E001379B8 /* quantize_pvt.c */ = {isa = PBXFileReference; fileEncoding = 30; lastKnownFileType = sourcecode.c.c; path = quantize_pvt.c; sourceTree = "<group>"; };
		EA8CC0E909A39A5E001379B8 /* quantize_pvt.h */ = {isa = PBXFileReference; fileEncoding = 30; lastKnownFileType = sourcecode.c.h; path = quantize_pvt.h; sourceTree = "<group>"; };
		EA8CC0EA09A39A5E001379B8 /* reservoir.c */ = {isa = PBXFileReference; fileEncoding = 30; lastKnownFileType = sourcecode.c.c; path = reservoir.c; sourceTree = "<group>"; };
		EA8CC0EB09A39A5E001379B8 /* reservoir.h */ = {isa = PBXFileReference; fileEncoding = 30; lastKnownFileType = sourcecode.c.h; path = reservoir.h; sourceTree = "<group>"; };
		EA8CC0EC09A39A5E001379B8 /* set_get.c */ = {isa = PBXFileReference; fileEncoding = 30; lastKnownFileType = sourcecode.c.c; path = set_get.c; sourceTree = "<group>"; };
		EA8CC0ED09A39A5E001379B8 /* set_get.h */ = {isa = PBXFileReference; fileEncoding = 30; lastKnownFileType = sourcecode.c.h; path = set_get.h; sourceTree = "<group>"; };
		EA8CC0EE09A39A5E001379B8 /* tables.c */ = {isa = PBXFileReference; fileEncoding = 30; lastKnownFileType = sourcecode.c.c; path = tables.c; sourceTree = "<group>"; };
		EA8CC0EF09A39A5E001379B8 /* tables.h */ = {isa = PBXFileReference; fileEncoding = 30; lastKnownFileType = sourcecode.c.h; path = tables.h; sourceTree = "<group>"; };
		EA8CC0F009A39A5E001379B8 /* takehiro.c */ = {isa = PBXFileReference; fileEncoding = 30; lastKnownFileType = sourcecode.c.c; path = takehiro.c; sourceTree = "<group>"; };
		EA8CC0F109A39A5E001379B8 /* util.c */ = {isa = PBXFileReference; fileEncoding = 30; lastKnownFileType = sourcecode.c.c; path = util.c; sourceTree = "<group>"; };
		EA8CC0F209A39A5E001379B8 /* util.h */ = {isa = PBXFileReference; fileEncoding = 30; lastKnownFileType = sourcecode.c.h; path = util.h; sourceTree = "<group>"; };
		EA8CC0F309A39A5E001379B8 /* vbrquantize.c */ = {isa = PBXFileReference; fileEncoding = 30; lastKnownFileType = sourcecode.c.c; path = vbrquantize.c; sourceTree = "<group>"; };
		EA8CC0F409A39A5E001379B8 /* vbrquantize.h */ = {isa = PBXFileReference; fileEncoding = 30; lastKnownFileType = sourcecode.c.h; path = vbrquantize.h; sourceTree = "<group>"; };
		EA8CC0F509A39A5E001379B8 /* VbrTag.c */ = {isa = PBXFileReference; fileEncoding = 30; lastKnownFileType = sourcecode.c.c; path = VbrTag.c; sourceTree = "<group>"; };
		EA8CC0F609A39A5E001379B8 /* VbrTag.h */ = {isa = PBXFileReference; fileEncoding = 30; lastKnownFileType = sourcecode.c.h; path = VbrTag.h; sourceTree = "<group>"; };
		EA8CC0F709A39A5E001379B8 /* version.c */ = {isa = PBXFileReference; fileEncoding = 30; lastKnownFileType = sourcecode.c.c; path = version.c; sourceTree = "<group>"; };
		EA8CC0F809A39A5E001379B8 /* version.h */ = {isa = PBXFileReference; fileEncoding = 30; lastKnownFileType = sourcecode.c.h; path = version.h; sourceTree = "<group>"; };
/* End PBXFileReference section */

/* Begin PBXFrameworksBuildPhase section */
		D50E03012B9372D90066CB31 /* Frameworks */ = {
			isa = PBXFrameworksBuildPhase;
			buildActionMask = 2147483647;
			files = (
			);
			runOnlyForDeploymentPostprocessing = 0;
		};
		D55AAC9B26E8F9C100DD41EA /* Frameworks */ = {
			isa = PBXFrameworksBuildPhase;
			buildActionMask = 2147483647;
			files = (
			);
			runOnlyForDeploymentPostprocessing = 0;
		};
		D55AACE426E8FB3D00DD41EA /* Frameworks */ = {
			isa = PBXFrameworksBuildPhase;
			buildActionMask = 2147483647;
			files = (
			);
			runOnlyForDeploymentPostprocessing = 0;
		};
		D55AAD2D26E8FBD100DD41EA /* Frameworks */ = {
			isa = PBXFrameworksBuildPhase;
			buildActionMask = 2147483647;
			files = (
			);
			runOnlyForDeploymentPostprocessing = 0;
		};
		EA0A6AD20BB84E32003C87B1 /* Frameworks */ = {
			isa = PBXFrameworksBuildPhase;
			buildActionMask = 2147483647;
			files = (
			);
			runOnlyForDeploymentPostprocessing = 0;
		};
/* End PBXFrameworksBuildPhase section */

/* Begin PBXGroup section */
		034768DDFF38A45A11DB9C8B /* Products */ = {
			isa = PBXGroup;
			children = (
				D55AAC9F26E8F9C100DD41EA /* LAME.framework */,
				8D07F2C80486CC7A007CD1D0 /* LAME.framework */,
				D55AACE826E8FB3D00DD41EA /* LAME.framework */,
				D55AAD3126E8FBD100DD41EA /* LAME.framework */,
				D50E03052B9372D90066CB31 /* LAME.framework */,
			);
			name = Products;
			sourceTree = "<group>";
		};
		0867D691FE84028FC02AAC07 /* LAME */ = {
			isa = PBXGroup;
			children = (
				08FB77ACFE841707C02AAC07 /* Source */,
				089C1665FE841158C02AAC07 /* Resources */,
				D50E032E2B937A410066CB31 /* Products */,
				034768DDFF38A45A11DB9C8B /* Products */,
			);
			name = LAME;
			sourceTree = "<group>";
		};
		089C1665FE841158C02AAC07 /* Resources */ = {
			isa = PBXGroup;
			children = (
				8D07F2C70486CC7A007CD1D0 /* Info.plist */,
				D55AAC5726E8F72800DD41EA /* Lame-Framework.xcconfig */,
				D54618792C38E5BA007E2E82 /* PrivacyInfo.xcprivacy */,
			);
			name = Resources;
			sourceTree = "<group>";
		};
		08FB77ACFE841707C02AAC07 /* Source */ = {
			isa = PBXGroup;
			children = (
				EA8CC0C009A39A5E001379B8 /* libmp3lame */,
				EA8CC08909A39A55001379B8 /* mpglib */,
				EA498C8C0DE5E37B00250F0E /* config.h */,
				EA8CC08709A39A49001379B8 /* lame.h */,
				32BAE0B70371A74B00C91783 /* LAME_Prefix.pch */,
			);
			name = Source;
			sourceTree = "<group>";
		};
		EA8CC08909A39A55001379B8 /* mpglib */ = {
			isa = PBXGroup;
			children = (
				EA8CC08A09A39A55001379B8 /* common.c */,
				EA8CC08B09A39A55001379B8 /* common.h */,
				EA8CC08C09A39A55001379B8 /* dct64_i386.c */,
				EA8CC08D09A39A55001379B8 /* dct64_i386.h */,
				EA8CC08E09A39A55001379B8 /* decode_i386.c */,
				EA8CC08F09A39A55001379B8 /* decode_i386.h */,
				EA8CC09109A39A55001379B8 /* huffman.h */,
				EA8CC09209A39A55001379B8 /* interface.c */,
				EA8CC09309A39A55001379B8 /* interface.h */,
				EA8CC09409A39A55001379B8 /* l2tables.h */,
				EA8CC09509A39A55001379B8 /* layer1.c */,
				EA8CC09609A39A55001379B8 /* layer1.h */,
				EA8CC09709A39A55001379B8 /* layer2.c */,
				EA8CC09809A39A55001379B8 /* layer2.h */,
				EA8CC09909A39A55001379B8 /* layer3.c */,
				EA8CC09A09A39A55001379B8 /* layer3.h */,
				EA8CC09D09A39A55001379B8 /* mpg123.h */,
				EA8CC09E09A39A55001379B8 /* mpglib.h */,
				EA8CC0A209A39A55001379B8 /* tabinit.c */,
				EA8CC0A309A39A55001379B8 /* tabinit.h */,
			);
			name = mpglib;
			path = ../mpglib;
			sourceTree = "<group>";
		};
		EA8CC0C009A39A5E001379B8 /* libmp3lame */ = {
			isa = PBXGroup;
			children = (
				EA8CC0C109A39A5E001379B8 /* bitstream.c */,
				EA8CC0C209A39A5E001379B8 /* bitstream.h */,
				EA8CC0C409A39A5E001379B8 /* encoder.c */,
				EA8CC0C509A39A5E001379B8 /* encoder.h */,
				EA8CC0C609A39A5E001379B8 /* fft.c */,
				EA8CC0C709A39A5E001379B8 /* fft.h */,
				EA8CC0C809A39A5E001379B8 /* gain_analysis.c */,
				EA8CC0C909A39A5E001379B8 /* gain_analysis.h */,
				EA8CC0D509A39A5E001379B8 /* id3tag.c */,
				EA8CC0D609A39A5E001379B8 /* id3tag.h */,
				EA8CC0D709A39A5E001379B8 /* l3side.h */,
				EA8CC0D809A39A5E001379B8 /* lame-analysis.h */,
				EA8CC0D909A39A5E001379B8 /* lame.c */,
				EA8CC0DA09A39A5E001379B8 /* lame_global_flags.h */,
				EA8CC0DD09A39A5E001379B8 /* machine.h */,
				EA8CC0E009A39A5E001379B8 /* mpglib_interface.c */,
				EA8CC0E109A39A5E001379B8 /* newmdct.c */,
				EA8CC0E209A39A5E001379B8 /* newmdct.h */,
				EA8CC0E309A39A5E001379B8 /* presets.c */,
				EA8CC0E409A39A5E001379B8 /* psymodel.c */,
				EA8CC0E509A39A5E001379B8 /* psymodel.h */,
				EA8CC0E609A39A5E001379B8 /* quantize.c */,
				EA8CC0E709A39A5E001379B8 /* quantize.h */,
				EA8CC0E809A39A5E001379B8 /* quantize_pvt.c */,
				EA8CC0E909A39A5E001379B8 /* quantize_pvt.h */,
				EA8CC0EA09A39A5E001379B8 /* reservoir.c */,
				EA8CC0EB09A39A5E001379B8 /* reservoir.h */,
				EA8CC0EC09A39A5E001379B8 /* set_get.c */,
				EA8CC0ED09A39A5E001379B8 /* set_get.h */,
				EA8CC0EE09A39A5E001379B8 /* tables.c */,
				EA8CC0EF09A39A5E001379B8 /* tables.h */,
				EA8CC0F009A39A5E001379B8 /* takehiro.c */,
				EA8CC0F109A39A5E001379B8 /* util.c */,
				EA8CC0F209A39A5E001379B8 /* util.h */,
				EA8CC0F309A39A5E001379B8 /* vbrquantize.c */,
				EA8CC0F409A39A5E001379B8 /* vbrquantize.h */,
				EA8CC0F509A39A5E001379B8 /* VbrTag.c */,
				EA8CC0F609A39A5E001379B8 /* VbrTag.h */,
				EA8CC0F709A39A5E001379B8 /* version.c */,
				EA8CC0F809A39A5E001379B8 /* version.h */,
			);
			name = libmp3lame;
			path = ../libmp3lame;
			sourceTree = "<group>";
		};
/* End PBXGroup section */

/* Begin PBXHeadersBuildPhase section */
		8D07F2BD0486CC7A007CD1D0 /* Headers */ = {
			isa = PBXHeadersBuildPhase;
			buildActionMask = 2147483647;
			files = (
				EA8CC0FA09A39A5E001379B8 /* bitstream.h in Headers */,
				EA8CC0A609A39A55001379B8 /* common.h in Headers */,
				EA498C8D0DE5E37B00250F0E /* config.h in Headers */,
				EA8CC0A809A39A55001379B8 /* dct64_i386.h in Headers */,
				EA8CC0AA09A39A55001379B8 /* decode_i386.h in Headers */,
				EA8CC0FD09A39A5E001379B8 /* encoder.h in Headers */,
				EA8CC0FF09A39A5E001379B8 /* fft.h in Headers */,
				EA8CC10109A39A5E001379B8 /* gain_analysis.h in Headers */,
				EA8CC0AC09A39A55001379B8 /* huffman.h in Headers */,
				EA8CC10D09A39A5E001379B8 /* id3tag.h in Headers */,
				EA8CC0AE09A39A55001379B8 /* interface.h in Headers */,
				EA8CC0AF09A39A55001379B8 /* l2tables.h in Headers */,
				EA8CC10E09A39A5E001379B8 /* l3side.h in Headers */,
				EA8CC10F09A39A5E001379B8 /* lame-analysis.h in Headers */,
				EA8CC08809A39A49001379B8 /* lame.h in Headers */,
				EA8CC11109A39A5E001379B8 /* lame_global_flags.h in Headers */,
				8D07F2BE0486CC7A007CD1D0 /* LAME_Prefix.pch in Headers */,
				EA8CC0B109A39A55001379B8 /* layer1.h in Headers */,
				EA8CC0B309A39A55001379B8 /* layer2.h in Headers */,
				EA8CC0B509A39A55001379B8 /* layer3.h in Headers */,
				EA8CC11409A39A5E001379B8 /* machine.h in Headers */,
				EA8CC0B809A39A55001379B8 /* mpg123.h in Headers */,
				EA8CC0B909A39A55001379B8 /* mpglib.h in Headers */,
				EA8CC11909A39A5E001379B8 /* newmdct.h in Headers */,
				EA8CC11C09A39A5E001379B8 /* psymodel.h in Headers */,
				EA8CC11E09A39A5E001379B8 /* quantize.h in Headers */,
				EA8CC12009A39A5E001379B8 /* quantize_pvt.h in Headers */,
				EA8CC12209A39A5E001379B8 /* reservoir.h in Headers */,
				EA8CC12409A39A5E001379B8 /* set_get.h in Headers */,
				EA8CC0BE09A39A55001379B8 /* tabinit.h in Headers */,
				EA8CC12609A39A5E001379B8 /* tables.h in Headers */,
				EA8CC12909A39A5E001379B8 /* util.h in Headers */,
				EA8CC12B09A39A5E001379B8 /* vbrquantize.h in Headers */,
				EA8CC12D09A39A5E001379B8 /* VbrTag.h in Headers */,
				EA8CC12F09A39A5E001379B8 /* version.h in Headers */,
			);
			runOnlyForDeploymentPostprocessing = 0;
		};
		D50E02BF2B9372D90066CB31 /* Headers */ = {
			isa = PBXHeadersBuildPhase;
			buildActionMask = 2147483647;
			files = (
				D50E02C02B9372D90066CB31 /* bitstream.h in Headers */,
				D50E02C12B9372D90066CB31 /* common.h in Headers */,
				D50E02C22B9372D90066CB31 /* config.h in Headers */,
				D50E02C32B9372D90066CB31 /* dct64_i386.h in Headers */,
				D50E02C42B9372D90066CB31 /* decode_i386.h in Headers */,
				D50E02C52B9372D90066CB31 /* encoder.h in Headers */,
				D50E02C62B9372D90066CB31 /* fft.h in Headers */,
				D50E02C72B9372D90066CB31 /* gain_analysis.h in Headers */,
				D50E02C82B9372D90066CB31 /* huffman.h in Headers */,
				D50E02C92B9372D90066CB31 /* id3tag.h in Headers */,
				D50E02CA2B9372D90066CB31 /* interface.h in Headers */,
				D50E02CB2B9372D90066CB31 /* l2tables.h in Headers */,
				D50E02CC2B9372D90066CB31 /* l3side.h in Headers */,
				D50E02CD2B9372D90066CB31 /* lame-analysis.h in Headers */,
				D50E02CE2B9372D90066CB31 /* lame.h in Headers */,
				D50E02CF2B9372D90066CB31 /* lame_global_flags.h in Headers */,
				D50E02D02B9372D90066CB31 /* LAME_Prefix.pch in Headers */,
				D50E02D12B9372D90066CB31 /* layer1.h in Headers */,
				D50E02D22B9372D90066CB31 /* layer2.h in Headers */,
				D50E02D32B9372D90066CB31 /* layer3.h in Headers */,
				D50E02D42B9372D90066CB31 /* machine.h in Headers */,
				D50E02D52B9372D90066CB31 /* mpg123.h in Headers */,
				D50E02D62B9372D90066CB31 /* mpglib.h in Headers */,
				D50E02D72B9372D90066CB31 /* newmdct.h in Headers */,
				D50E02D82B9372D90066CB31 /* psymodel.h in Headers */,
				D50E02D92B9372D90066CB31 /* quantize.h in Headers */,
				D50E02DA2B9372D90066CB31 /* quantize_pvt.h in Headers */,
				D50E02DB2B9372D90066CB31 /* reservoir.h in Headers */,
				D50E02DC2B9372D90066CB31 /* set_get.h in Headers */,
				D50E02DD2B9372D90066CB31 /* tabinit.h in Headers */,
				D50E02DE2B9372D90066CB31 /* tables.h in Headers */,
				D50E02DF2B9372D90066CB31 /* util.h in Headers */,
				D50E02E02B9372D90066CB31 /* vbrquantize.h in Headers */,
				D50E02E12B9372D90066CB31 /* VbrTag.h in Headers */,
				D50E02E22B9372D90066CB31 /* version.h in Headers */,
			);
			runOnlyForDeploymentPostprocessing = 0;
		};
		D55AAC5926E8F9C100DD41EA /* Headers */ = {
			isa = PBXHeadersBuildPhase;
			buildActionMask = 2147483647;
			files = (
				D55AAC6826E8F9C100DD41EA /* bitstream.h in Headers */,
				D55AAC5C26E8F9C100DD41EA /* common.h in Headers */,
				D55AAC7C26E8F9C100DD41EA /* config.h in Headers */,
				D55AAC5D26E8F9C100DD41EA /* dct64_i386.h in Headers */,
				D55AAC5E26E8F9C100DD41EA /* decode_i386.h in Headers */,
				D55AAC6926E8F9C100DD41EA /* encoder.h in Headers */,
				D55AAC6A26E8F9C100DD41EA /* fft.h in Headers */,
				D55AAC6B26E8F9C100DD41EA /* gain_analysis.h in Headers */,
				D55AAC5F26E8F9C100DD41EA /* huffman.h in Headers */,
				D55AAC6C26E8F9C100DD41EA /* id3tag.h in Headers */,
				D55AAC6026E8F9C100DD41EA /* interface.h in Headers */,
				D55AAC6126E8F9C100DD41EA /* l2tables.h in Headers */,
				D55AAC6D26E8F9C100DD41EA /* l3side.h in Headers */,
				D55AAC6E26E8F9C100DD41EA /* lame-analysis.h in Headers */,
				D55AAC5B26E8F9C100DD41EA /* lame.h in Headers */,
				D55AAC6F26E8F9C100DD41EA /* lame_global_flags.h in Headers */,
				D55AAC5A26E8F9C100DD41EA /* LAME_Prefix.pch in Headers */,
				D55AAC6226E8F9C100DD41EA /* layer1.h in Headers */,
				D55AAC6326E8F9C100DD41EA /* layer2.h in Headers */,
				D55AAC6426E8F9C100DD41EA /* layer3.h in Headers */,
				D55AAC7026E8F9C100DD41EA /* machine.h in Headers */,
				D55AAC6526E8F9C100DD41EA /* mpg123.h in Headers */,
				D55AAC6626E8F9C100DD41EA /* mpglib.h in Headers */,
				D55AAC7126E8F9C100DD41EA /* newmdct.h in Headers */,
				D55AAC7226E8F9C100DD41EA /* psymodel.h in Headers */,
				D55AAC7326E8F9C100DD41EA /* quantize.h in Headers */,
				D55AAC7426E8F9C100DD41EA /* quantize_pvt.h in Headers */,
				D55AAC7526E8F9C100DD41EA /* reservoir.h in Headers */,
				D55AAC7626E8F9C100DD41EA /* set_get.h in Headers */,
				D55AAC6726E8F9C100DD41EA /* tabinit.h in Headers */,
				D55AAC7726E8F9C100DD41EA /* tables.h in Headers */,
				D55AAC7826E8F9C100DD41EA /* util.h in Headers */,
				D55AAC7926E8F9C100DD41EA /* vbrquantize.h in Headers */,
				D55AAC7A26E8F9C100DD41EA /* VbrTag.h in Headers */,
				D55AAC7B26E8F9C100DD41EA /* version.h in Headers */,
			);
			runOnlyForDeploymentPostprocessing = 0;
		};
		D55AACA226E8FB3D00DD41EA /* Headers */ = {
			isa = PBXHeadersBuildPhase;
			buildActionMask = 2147483647;
			files = (
				D55AACB126E8FB3D00DD41EA /* bitstream.h in Headers */,
				D55AACA526E8FB3D00DD41EA /* common.h in Headers */,
				D55AACC526E8FB3D00DD41EA /* config.h in Headers */,
				D55AACA626E8FB3D00DD41EA /* dct64_i386.h in Headers */,
				D55AACA726E8FB3D00DD41EA /* decode_i386.h in Headers */,
				D55AACB226E8FB3D00DD41EA /* encoder.h in Headers */,
				D55AACB326E8FB3D00DD41EA /* fft.h in Headers */,
				D55AACB426E8FB3D00DD41EA /* gain_analysis.h in Headers */,
				D55AACA826E8FB3D00DD41EA /* huffman.h in Headers */,
				D55AACB526E8FB3D00DD41EA /* id3tag.h in Headers */,
				D55AACA926E8FB3D00DD41EA /* interface.h in Headers */,
				D55AACAA26E8FB3D00DD41EA /* l2tables.h in Headers */,
				D55AACB626E8FB3D00DD41EA /* l3side.h in Headers */,
				D55AACB726E8FB3D00DD41EA /* lame-analysis.h in Headers */,
				D55AACA426E8FB3D00DD41EA /* lame.h in Headers */,
				D55AACB826E8FB3D00DD41EA /* lame_global_flags.h in Headers */,
				D55AACA326E8FB3D00DD41EA /* LAME_Prefix.pch in Headers */,
				D55AACAB26E8FB3D00DD41EA /* layer1.h in Headers */,
				D55AACAC26E8FB3D00DD41EA /* layer2.h in Headers */,
				D55AACAD26E8FB3D00DD41EA /* layer3.h in Headers */,
				D55AACB926E8FB3D00DD41EA /* machine.h in Headers */,
				D55AACAE26E8FB3D00DD41EA /* mpg123.h in Headers */,
				D55AACAF26E8FB3D00DD41EA /* mpglib.h in Headers */,
				D55AACBA26E8FB3D00DD41EA /* newmdct.h in Headers */,
				D55AACBB26E8FB3D00DD41EA /* psymodel.h in Headers */,
				D55AACBC26E8FB3D00DD41EA /* quantize.h in Headers */,
				D55AACBD26E8FB3D00DD41EA /* quantize_pvt.h in Headers */,
				D55AACBE26E8FB3D00DD41EA /* reservoir.h in Headers */,
				D55AACBF26E8FB3D00DD41EA /* set_get.h in Headers */,
				D55AACB026E8FB3D00DD41EA /* tabinit.h in Headers */,
				D55AACC026E8FB3D00DD41EA /* tables.h in Headers */,
				D55AACC126E8FB3D00DD41EA /* util.h in Headers */,
				D55AACC226E8FB3D00DD41EA /* vbrquantize.h in Headers */,
				D55AACC326E8FB3D00DD41EA /* VbrTag.h in Headers */,
				D55AACC426E8FB3D00DD41EA /* version.h in Headers */,
			);
			runOnlyForDeploymentPostprocessing = 0;
		};
		D55AACEB26E8FBD100DD41EA /* Headers */ = {
			isa = PBXHeadersBuildPhase;
			buildActionMask = 2147483647;
			files = (
				D55AACFA26E8FBD100DD41EA /* bitstream.h in Headers */,
				D55AACEE26E8FBD100DD41EA /* common.h in Headers */,
				D55AAD0E26E8FBD100DD41EA /* config.h in Headers */,
				D55AACEF26E8FBD100DD41EA /* dct64_i386.h in Headers */,
				D55AACF026E8FBD100DD41EA /* decode_i386.h in Headers */,
				D55AACFB26E8FBD100DD41EA /* encoder.h in Headers */,
				D55AACFC26E8FBD100DD41EA /* fft.h in Headers */,
				D55AACFD26E8FBD100DD41EA /* gain_analysis.h in Headers */,
				D55AACF126E8FBD100DD41EA /* huffman.h in Headers */,
				D55AACFE26E8FBD100DD41EA /* id3tag.h in Headers */,
				D55AACF226E8FBD100DD41EA /* interface.h in Headers */,
				D55AACF326E8FBD100DD41EA /* l2tables.h in Headers */,
				D55AACFF26E8FBD100DD41EA /* l3side.h in Headers */,
				D55AAD0026E8FBD100DD41EA /* lame-analysis.h in Headers */,
				D55AACED26E8FBD100DD41EA /* lame.h in Headers */,
				D55AAD0126E8FBD100DD41EA /* lame_global_flags.h in Headers */,
				D55AACEC26E8FBD100DD41EA /* LAME_Prefix.pch in Headers */,
				D55AACF426E8FBD100DD41EA /* layer1.h in Headers */,
				D55AACF526E8FBD100DD41EA /* layer2.h in Headers */,
				D55AACF626E8FBD100DD41EA /* layer3.h in Headers */,
				D55AAD0226E8FBD100DD41EA /* machine.h in Headers */,
				D55AACF726E8FBD100DD41EA /* mpg123.h in Headers */,
				D55AACF826E8FBD100DD41EA /* mpglib.h in Headers */,
				D55AAD0326E8FBD100DD41EA /* newmdct.h in Headers */,
				D55AAD0426E8FBD100DD41EA /* psymodel.h in Headers */,
				D55AAD0526E8FBD100DD41EA /* quantize.h in Headers */,
				D55AAD0626E8FBD100DD41EA /* quantize_pvt.h in Headers */,
				D55AAD0726E8FBD100DD41EA /* reservoir.h in Headers */,
				D55AAD0826E8FBD100DD41EA /* set_get.h in Headers */,
				D55AACF926E8FBD100DD41EA /* tabinit.h in Headers */,
				D55AAD0926E8FBD100DD41EA /* tables.h in Headers */,
				D55AAD0A26E8FBD100DD41EA /* util.h in Headers */,
				D55AAD0B26E8FBD100DD41EA /* vbrquantize.h in Headers */,
				D55AAD0C26E8FBD100DD41EA /* VbrTag.h in Headers */,
				D55AAD0D26E8FBD100DD41EA /* version.h in Headers */,
			);
			runOnlyForDeploymentPostprocessing = 0;
		};
/* End PBXHeadersBuildPhase section */

/* Begin PBXLegacyTarget section */
		D55AAD3326E8FDA300DD41EA /* XCFramework */ = {
			isa = PBXLegacyTarget;
			buildArgumentsString = "$(ACTION)";
			buildConfigurationList = D55AAD3626E8FDA300DD41EA /* Build configuration list for PBXLegacyTarget "XCFramework" */;
			buildPhases = (
			);
			buildToolPath = "./make-xcframework.sh";
			buildWorkingDirectory = $SRCROOT;
			dependencies = (
			);
			name = XCFramework;
			passBuildSettingsInEnvironment = 1;
			productName = XCFramework;
			productSettingsXML = "<?xml version=\"1.0\" encoding=\"UTF-8\"?>
<!DOCTYPE plist PUBLIC \"-//Apple//DTD PLIST 1.0//EN\" \"http://www.apple.com/DTDs/PropertyList-1.0.dtd\">
<plist version=\"1.0\">
<dict>
	<key>CFBundleDevelopmentRegion</key>
	<string>$(DEVELOPMENT_LANGUAGE)</string>
	<key>CFBundleExecutable</key>
	<string>$(EXECUTABLE_NAME)</string>
	<key>CFBundleIdentifier</key>
	<string>$(PRODUCT_BUNDLE_IDENTIFIER)</string>
	<key>CFBundleInfoDictionaryVersion</key>
	<string>6.0</string>
	<key>CFBundleName</key>
	<string>$(PRODUCT_NAME)</string>
	<key>CFBundlePackageType</key>
	<string>$(PRODUCT_BUNDLE_PACKAGE_TYPE)</string>
	<key>CFBundleShortVersionString</key>
	<string>$(MARKETING_VERSION)</string>
	<key>CFBundleVersion</key>
	<string>$(CURRENT_PROJECT_VERSION)</string>
</dict>
</plist>
";
		};
/* End PBXLegacyTarget section */

/* Begin PBXNativeTarget section */
		8D07F2BC0486CC7A007CD1D0 /* LAME-macOS */ = {
			isa = PBXNativeTarget;
			buildConfigurationList = 4FADC24208B4156D00ABE55E /* Build configuration list for PBXNativeTarget "LAME-macOS" */;
			buildPhases = (
				8D07F2BD0486CC7A007CD1D0 /* Headers */,
				8D07F2BF0486CC7A007CD1D0 /* Resources */,
				8D07F2C10486CC7A007CD1D0 /* Sources */,
				EA0A6AD20BB84E32003C87B1 /* Frameworks */,
			);
			buildRules = (
			);
			dependencies = (
			);
			name = "LAME-macOS";
			productInstallPath = "$(HOME)/Library/Frameworks";
			productName = LAME;
			productReference = 8D07F2C80486CC7A007CD1D0 /* LAME.framework */;
			productType = "com.apple.product-type.framework";
		};
		D50E02BE2B9372D90066CB31 /* LAME-visionOS */ = {
			isa = PBXNativeTarget;
			buildConfigurationList = D50E03022B9372D90066CB31 /* Build configuration list for PBXNativeTarget "LAME-visionOS" */;
			buildPhases = (
				D50E02BF2B9372D90066CB31 /* Headers */,
				D50E02E32B9372D90066CB31 /* Resources */,
				D50E02E42B9372D90066CB31 /* Sources */,
				D50E03012B9372D90066CB31 /* Frameworks */,
			);
			buildRules = (
			);
			dependencies = (
			);
			name = "LAME-visionOS";
			productInstallPath = "$(HOME)/Library/Frameworks";
			productName = LAME;
			productReference = D50E03052B9372D90066CB31 /* LAME.framework */;
			productType = "com.apple.product-type.framework";
		};
		D55AAC5826E8F9C100DD41EA /* LAME-iOS */ = {
			isa = PBXNativeTarget;
			buildConfigurationList = D55AAC9C26E8F9C100DD41EA /* Build configuration list for PBXNativeTarget "LAME-iOS" */;
			buildPhases = (
				D55AAC5926E8F9C100DD41EA /* Headers */,
				D55AAC7D26E8F9C100DD41EA /* Resources */,
				D55AAC7E26E8F9C100DD41EA /* Sources */,
				D55AAC9B26E8F9C100DD41EA /* Frameworks */,
			);
			buildRules = (
			);
			dependencies = (
			);
			name = "LAME-iOS";
			productInstallPath = "$(HOME)/Library/Frameworks";
			productName = LAME;
			productReference = D55AAC9F26E8F9C100DD41EA /* LAME.framework */;
			productType = "com.apple.product-type.framework";
		};
		D55AACA126E8FB3D00DD41EA /* LAME-tvOS */ = {
			isa = PBXNativeTarget;
			buildConfigurationList = D55AACE526E8FB3D00DD41EA /* Build configuration list for PBXNativeTarget "LAME-tvOS" */;
			buildPhases = (
				D55AACA226E8FB3D00DD41EA /* Headers */,
				D55AACC626E8FB3D00DD41EA /* Resources */,
				D55AACC726E8FB3D00DD41EA /* Sources */,
				D55AACE426E8FB3D00DD41EA /* Frameworks */,
			);
			buildRules = (
			);
			dependencies = (
			);
			name = "LAME-tvOS";
			productInstallPath = "$(HOME)/Library/Frameworks";
			productName = LAME;
			productReference = D55AACE826E8FB3D00DD41EA /* LAME.framework */;
			productType = "com.apple.product-type.framework";
		};
		D55AACEA26E8FBD100DD41EA /* LAME-watchOS */ = {
			isa = PBXNativeTarget;
			buildConfigurationList = D55AAD2E26E8FBD100DD41EA /* Build configuration list for PBXNativeTarget "LAME-watchOS" */;
			buildPhases = (
				D55AACEB26E8FBD100DD41EA /* Headers */,
				D55AAD0F26E8FBD100DD41EA /* Resources */,
				D55AAD1026E8FBD100DD41EA /* Sources */,
				D55AAD2D26E8FBD100DD41EA /* Frameworks */,
			);
			buildRules = (
			);
			dependencies = (
			);
			name = "LAME-watchOS";
			productInstallPath = "$(HOME)/Library/Frameworks";
			productName = LAME;
			productReference = D55AAD3126E8FBD100DD41EA /* LAME.framework */;
			productType = "com.apple.product-type.framework";
		};
/* End PBXNativeTarget section */

/* Begin PBXProject section */
		0867D690FE84028FC02AAC07 /* Project object */ = {
			isa = PBXProject;
			attributes = {
				LastUpgradeCheck = 1250;
				TargetAttributes = {
					D55AAD3326E8FDA300DD41EA = {
						CreatedOnToolsVersion = 12.5.1;
					};
				};
			};
			buildConfigurationList = 4FADC24608B4156D00ABE55E /* Build configuration list for PBXProject "LAME" */;
			compatibilityVersion = "Xcode 14.0";
			developmentRegion = en;
			hasScannedForEncodings = 1;
			knownRegions = (
				en,
			);
			mainGroup = 0867D691FE84028FC02AAC07 /* LAME */;
			productRefGroup = 034768DDFF38A45A11DB9C8B /* Products */;
			projectDirPath = "";
			projectRoot = "";
			targets = (
				8D07F2BC0486CC7A007CD1D0 /* LAME-macOS */,
				D55AAC5826E8F9C100DD41EA /* LAME-iOS */,
				D55AACA126E8FB3D00DD41EA /* LAME-tvOS */,
				D55AACEA26E8FBD100DD41EA /* LAME-watchOS */,
				D50E02BE2B9372D90066CB31 /* LAME-visionOS */,
				D55AAD3326E8FDA300DD41EA /* XCFramework */,
			);
		};
/* End PBXProject section */

/* Begin PBXResourcesBuildPhase section */
		8D07F2BF0486CC7A007CD1D0 /* Resources */ = {
			isa = PBXResourcesBuildPhase;
			buildActionMask = 2147483647;
			files = (
				D546187A2C38E5BA007E2E82 /* PrivacyInfo.xcprivacy in Resources */,
			);
			runOnlyForDeploymentPostprocessing = 0;
		};
		D50E02E32B9372D90066CB31 /* Resources */ = {
			isa = PBXResourcesBuildPhase;
			buildActionMask = 2147483647;
			files = (
				D546187E2C38E5BA007E2E82 /* PrivacyInfo.xcprivacy in Resources */,
			);
			runOnlyForDeploymentPostprocessing = 0;
		};
		D55AAC7D26E8F9C100DD41EA /* Resources */ = {
			isa = PBXResourcesBuildPhase;
			buildActionMask = 2147483647;
			files = (
				D546187B2C38E5BA007E2E82 /* PrivacyInfo.xcprivacy in Resources */,
			);
			runOnlyForDeploymentPostprocessing = 0;
		};
		D55AACC626E8FB3D00DD41EA /* Resources */ = {
			isa = PBXResourcesBuildPhase;
			buildActionMask = 2147483647;
			files = (
				D546187C2C38E5BA007E2E82 /* PrivacyInfo.xcprivacy in Resources */,
			);
			runOnlyForDeploymentPostprocessing = 0;
		};
		D55AAD0F26E8FBD100DD41EA /* Resources */ = {
			isa = PBXResourcesBuildPhase;
			buildActionMask = 2147483647;
			files = (
				D546187D2C38E5BA007E2E82 /* PrivacyInfo.xcprivacy in Resources */,
			);
			runOnlyForDeploymentPostprocessing = 0;
		};
/* End PBXResourcesBuildPhase section */

/* Begin PBXSourcesBuildPhase section */
		8D07F2C10486CC7A007CD1D0 /* Sources */ = {
			isa = PBXSourcesBuildPhase;
			buildActionMask = 2147483647;
			files = (
				EA8CC0F909A39A5E001379B8 /* bitstream.c in Sources */,
				EA8CC0A509A39A55001379B8 /* common.c in Sources */,
				EA8CC0A709A39A55001379B8 /* dct64_i386.c in Sources */,
				EA8CC0A909A39A55001379B8 /* decode_i386.c in Sources */,
				EA8CC0FC09A39A5E001379B8 /* encoder.c in Sources */,
				EA8CC0FE09A39A5E001379B8 /* fft.c in Sources */,
				EA8CC10009A39A5E001379B8 /* gain_analysis.c in Sources */,
				EA8CC10C09A39A5E001379B8 /* id3tag.c in Sources */,
				EA8CC0AD09A39A55001379B8 /* interface.c in Sources */,
				EA8CC11009A39A5E001379B8 /* lame.c in Sources */,
				EA8CC0B009A39A55001379B8 /* layer1.c in Sources */,
				EA8CC0B209A39A55001379B8 /* layer2.c in Sources */,
				EA8CC0B409A39A55001379B8 /* layer3.c in Sources */,
				EA8CC11709A39A5E001379B8 /* mpglib_interface.c in Sources */,
				EA8CC11809A39A5E001379B8 /* newmdct.c in Sources */,
				EA8CC11A09A39A5E001379B8 /* presets.c in Sources */,
				EA8CC11B09A39A5E001379B8 /* psymodel.c in Sources */,
				EA8CC11D09A39A5E001379B8 /* quantize.c in Sources */,
				EA8CC11F09A39A5E001379B8 /* quantize_pvt.c in Sources */,
				EA8CC12109A39A5E001379B8 /* reservoir.c in Sources */,
				EA8CC12309A39A5E001379B8 /* set_get.c in Sources */,
				EA8CC0BD09A39A55001379B8 /* tabinit.c in Sources */,
				EA8CC12509A39A5E001379B8 /* tables.c in Sources */,
				EA8CC12709A39A5E001379B8 /* takehiro.c in Sources */,
				EA8CC12809A39A5E001379B8 /* util.c in Sources */,
				EA8CC12A09A39A5E001379B8 /* vbrquantize.c in Sources */,
				EA8CC12C09A39A5E001379B8 /* VbrTag.c in Sources */,
				EA8CC12E09A39A5E001379B8 /* version.c in Sources */,
			);
			runOnlyForDeploymentPostprocessing = 0;
		};
		D50E02E42B9372D90066CB31 /* Sources */ = {
			isa = PBXSourcesBuildPhase;
			buildActionMask = 2147483647;
			files = (
				D50E02E52B9372D90066CB31 /* bitstream.c in Sources */,
				D50E02E62B9372D90066CB31 /* common.c in Sources */,
				D50E02E72B9372D90066CB31 /* dct64_i386.c in Sources */,
				D50E02E82B9372D90066CB31 /* decode_i386.c in Sources */,
				D50E02E92B9372D90066CB31 /* encoder.c in Sources */,
				D50E02EA2B9372D90066CB31 /* fft.c in Sources */,
				D50E02EB2B9372D90066CB31 /* gain_analysis.c in Sources */,
				D50E02EC2B9372D90066CB31 /* id3tag.c in Sources */,
				D50E02ED2B9372D90066CB31 /* interface.c in Sources */,
				D50E02EE2B9372D90066CB31 /* lame.c in Sources */,
				D50E02EF2B9372D90066CB31 /* layer1.c in Sources */,
				D50E02F02B9372D90066CB31 /* layer2.c in Sources */,
				D50E02F12B9372D90066CB31 /* layer3.c in Sources */,
				D50E02F22B9372D90066CB31 /* mpglib_interface.c in Sources */,
				D50E02F32B9372D90066CB31 /* newmdct.c in Sources */,
				D50E02F42B9372D90066CB31 /* presets.c in Sources */,
				D50E02F52B9372D90066CB31 /* psymodel.c in Sources */,
				D50E02F62B9372D90066CB31 /* quantize.c in Sources */,
				D50E02F72B9372D90066CB31 /* quantize_pvt.c in Sources */,
				D50E02F82B9372D90066CB31 /* reservoir.c in Sources */,
				D50E02F92B9372D90066CB31 /* set_get.c in Sources */,
				D50E02FA2B9372D90066CB31 /* tabinit.c in Sources */,
				D50E02FB2B9372D90066CB31 /* tables.c in Sources */,
				D50E02FC2B9372D90066CB31 /* takehiro.c in Sources */,
				D50E02FD2B9372D90066CB31 /* util.c in Sources */,
				D50E02FE2B9372D90066CB31 /* vbrquantize.c in Sources */,
				D50E02FF2B9372D90066CB31 /* VbrTag.c in Sources */,
				D50E03002B9372D90066CB31 /* version.c in Sources */,
			);
			runOnlyForDeploymentPostprocessing = 0;
		};
		D55AAC7E26E8F9C100DD41EA /* Sources */ = {
			isa = PBXSourcesBuildPhase;
			buildActionMask = 2147483647;
			files = (
				D55AAC8726E8F9C100DD41EA /* bitstream.c in Sources */,
				D55AAC7F26E8F9C100DD41EA /* common.c in Sources */,
				D55AAC8026E8F9C100DD41EA /* dct64_i386.c in Sources */,
				D55AAC8126E8F9C100DD41EA /* decode_i386.c in Sources */,
				D55AAC8826E8F9C100DD41EA /* encoder.c in Sources */,
				D55AAC8926E8F9C100DD41EA /* fft.c in Sources */,
				D55AAC8A26E8F9C100DD41EA /* gain_analysis.c in Sources */,
				D55AAC8B26E8F9C100DD41EA /* id3tag.c in Sources */,
				D55AAC8226E8F9C100DD41EA /* interface.c in Sources */,
				D55AAC8C26E8F9C100DD41EA /* lame.c in Sources */,
				D55AAC8326E8F9C100DD41EA /* layer1.c in Sources */,
				D55AAC8426E8F9C100DD41EA /* layer2.c in Sources */,
				D55AAC8526E8F9C100DD41EA /* layer3.c in Sources */,
				D55AAC8D26E8F9C100DD41EA /* mpglib_interface.c in Sources */,
				D55AAC8E26E8F9C100DD41EA /* newmdct.c in Sources */,
				D55AAC8F26E8F9C100DD41EA /* presets.c in Sources */,
				D55AAC9026E8F9C100DD41EA /* psymodel.c in Sources */,
				D55AAC9126E8F9C100DD41EA /* quantize.c in Sources */,
				D55AAC9226E8F9C100DD41EA /* quantize_pvt.c in Sources */,
				D55AAC9326E8F9C100DD41EA /* reservoir.c in Sources */,
				D55AAC9426E8F9C100DD41EA /* set_get.c in Sources */,
				D55AAC8626E8F9C100DD41EA /* tabinit.c in Sources */,
				D55AAC9526E8F9C100DD41EA /* tables.c in Sources */,
				D55AAC9626E8F9C100DD41EA /* takehiro.c in Sources */,
				D55AAC9726E8F9C100DD41EA /* util.c in Sources */,
				D55AAC9826E8F9C100DD41EA /* vbrquantize.c in Sources */,
				D55AAC9926E8F9C100DD41EA /* VbrTag.c in Sources */,
				D55AAC9A26E8F9C100DD41EA /* version.c in Sources */,
			);
			runOnlyForDeploymentPostprocessing = 0;
		};
		D55AACC726E8FB3D00DD41EA /* Sources */ = {
			isa = PBXSourcesBuildPhase;
			buildActionMask = 2147483647;
			files = (
				D55AACD026E8FB3D00DD41EA /* bitstream.c in Sources */,
				D55AACC826E8FB3D00DD41EA /* common.c in Sources */,
				D55AACC926E8FB3D00DD41EA /* dct64_i386.c in Sources */,
				D55AACCA26E8FB3D00DD41EA /* decode_i386.c in Sources */,
				D55AACD126E8FB3D00DD41EA /* encoder.c in Sources */,
				D55AACD226E8FB3D00DD41EA /* fft.c in Sources */,
				D55AACD326E8FB3D00DD41EA /* gain_analysis.c in Sources */,
				D55AACD426E8FB3D00DD41EA /* id3tag.c in Sources */,
				D55AACCB26E8FB3D00DD41EA /* interface.c in Sources */,
				D55AACD526E8FB3D00DD41EA /* lame.c in Sources */,
				D55AACCC26E8FB3D00DD41EA /* layer1.c in Sources */,
				D55AACCD26E8FB3D00DD41EA /* layer2.c in Sources */,
				D55AACCE26E8FB3D00DD41EA /* layer3.c in Sources */,
				D55AACD626E8FB3D00DD41EA /* mpglib_interface.c in Sources */,
				D55AACD726E8FB3D00DD41EA /* newmdct.c in Sources */,
				D55AACD826E8FB3D00DD41EA /* presets.c in Sources */,
				D55AACD926E8FB3D00DD41EA /* psymodel.c in Sources */,
				D55AACDA26E8FB3D00DD41EA /* quantize.c in Sources */,
				D55AACDB26E8FB3D00DD41EA /* quantize_pvt.c in Sources */,
				D55AACDC26E8FB3D00DD41EA /* reservoir.c in Sources */,
				D55AACDD26E8FB3D00DD41EA /* set_get.c in Sources */,
				D55AACCF26E8FB3D00DD41EA /* tabinit.c in Sources */,
				D55AACDE26E8FB3D00DD41EA /* tables.c in Sources */,
				D55AACDF26E8FB3D00DD41EA /* takehiro.c in Sources */,
				D55AACE026E8FB3D00DD41EA /* util.c in Sources */,
				D55AACE126E8FB3D00DD41EA /* vbrquantize.c in Sources */,
				D55AACE226E8FB3D00DD41EA /* VbrTag.c in Sources */,
				D55AACE326E8FB3D00DD41EA /* version.c in Sources */,
			);
			runOnlyForDeploymentPostprocessing = 0;
		};
		D55AAD1026E8FBD100DD41EA /* Sources */ = {
			isa = PBXSourcesBuildPhase;
			buildActionMask = 2147483647;
			files = (
				D55AAD1926E8FBD100DD41EA /* bitstream.c in Sources */,
				D55AAD1126E8FBD100DD41EA /* common.c in Sources */,
				D55AAD1226E8FBD100DD41EA /* dct64_i386.c in Sources */,
				D55AAD1326E8FBD100DD41EA /* decode_i386.c in Sources */,
				D55AAD1A26E8FBD100DD41EA /* encoder.c in Sources */,
				D55AAD1B26E8FBD100DD41EA /* fft.c in Sources */,
				D55AAD1C26E8FBD100DD41EA /* gain_analysis.c in Sources */,
				D55AAD1D26E8FBD100DD41EA /* id3tag.c in Sources */,
				D55AAD1426E8FBD100DD41EA /* interface.c in Sources */,
				D55AAD1E26E8FBD100DD41EA /* lame.c in Sources */,
				D55AAD1526E8FBD100DD41EA /* layer1.c in Sources */,
				D55AAD1626E8FBD100DD41EA /* layer2.c in Sources */,
				D55AAD1726E8FBD100DD41EA /* layer3.c in Sources */,
				D55AAD1F26E8FBD100DD41EA /* mpglib_interface.c in Sources */,
				D55AAD2026E8FBD100DD41EA /* newmdct.c in Sources */,
				D55AAD2126E8FBD100DD41EA /* presets.c in Sources */,
				D55AAD2226E8FBD100DD41EA /* psymodel.c in Sources */,
				D55AAD2326E8FBD100DD41EA /* quantize.c in Sources */,
				D55AAD2426E8FBD100DD41EA /* quantize_pvt.c in Sources */,
				D55AAD2526E8FBD100DD41EA /* reservoir.c in Sources */,
				D55AAD2626E8FBD100DD41EA /* set_get.c in Sources */,
				D55AAD1826E8FBD100DD41EA /* tabinit.c in Sources */,
				D55AAD2726E8FBD100DD41EA /* tables.c in Sources */,
				D55AAD2826E8FBD100DD41EA /* takehiro.c in Sources */,
				D55AAD2926E8FBD100DD41EA /* util.c in Sources */,
				D55AAD2A26E8FBD100DD41EA /* vbrquantize.c in Sources */,
				D55AAD2B26E8FBD100DD41EA /* VbrTag.c in Sources */,
				D55AAD2C26E8FBD100DD41EA /* version.c in Sources */,
			);
			runOnlyForDeploymentPostprocessing = 0;
		};
/* End PBXSourcesBuildPhase section */

/* Begin XCBuildConfiguration section */
		4FADC24308B4156D00ABE55E /* Debug */ = {
			isa = XCBuildConfiguration;
			buildSettings = {
				SDKROOT = macosx;
			};
			name = Debug;
		};
		4FADC24408B4156D00ABE55E /* Release */ = {
			isa = XCBuildConfiguration;
			buildSettings = {
				SDKROOT = macosx;
			};
			name = Release;
		};
		4FADC24708B4156D00ABE55E /* Debug */ = {
			isa = XCBuildConfiguration;
			baseConfigurationReference = D55AAC5726E8F72800DD41EA /* Lame-Framework.xcconfig */;
			buildSettings = {
				ALWAYS_SEARCH_USER_PATHS = NO;
				CLANG_ENABLE_MODULES = YES;
				CLANG_WARN_BOOL_CONVERSION = YES;
				CLANG_WARN_COMMA = YES;
				CLANG_WARN_CONSTANT_CONVERSION = YES;
				CLANG_WARN_EMPTY_BODY = YES;
				CLANG_WARN_ENUM_CONVERSION = YES;
				CLANG_WARN_INFINITE_RECURSION = YES;
				CLANG_WARN_INT_CONVERSION = YES;
				CLANG_WARN_NON_LITERAL_NULL_CONVERSION = YES;
				CLANG_WARN_QUOTED_INCLUDE_IN_FRAMEWORK_HEADER = YES;
				CLANG_WARN_STRICT_PROTOTYPES = YES;
				CLANG_WARN_UNGUARDED_AVAILABILITY = YES_AGGRESSIVE;
				CLANG_WARN_UNREACHABLE_CODE = YES;
				COPY_PHASE_STRIP = NO;
				DEBUG_INFORMATION_FORMAT = dwarf;
				ENABLE_STRICT_OBJC_MSGSEND = YES;
				GCC_C_LANGUAGE_STANDARD = gnu11;
				GCC_NO_COMMON_BLOCKS = YES;
				GCC_OPTIMIZATION_LEVEL = 0;
				GCC_WARN_64_TO_32_BIT_CONVERSION = YES;
				GCC_WARN_ABOUT_RETURN_TYPE = YES_ERROR;
				GCC_WARN_UNINITIALIZED_AUTOS = YES_AGGRESSIVE;
				GCC_WARN_UNUSED_FUNCTION = YES;
				GCC_WARN_UNUSED_VARIABLE = YES;
				INFOPLIST_OUTPUT_FORMAT = binary;
				IPHONEOS_DEPLOYMENT_TARGET = 12.0;
				MACOSX_DEPLOYMENT_TARGET = 10.13;
				ONLY_ACTIVE_ARCH = YES;
				PLIST_FILE_OUTPUT_FORMAT = binary;
				SUPPORTS_XR_DESIGNED_FOR_IPHONE_IPAD = YES;
				TVOS_DEPLOYMENT_TARGET = 12.0;
				VERSIONING_SYSTEM = "apple-generic";
				WATCHOS_DEPLOYMENT_TARGET = 4.0;
				XROS_DEPLOYMENT_TARGET = 1.0;
			};
			name = Debug;
		};
		4FADC24808B4156D00ABE55E /* Release */ = {
			isa = XCBuildConfiguration;
			baseConfigurationReference = D55AAC5726E8F72800DD41EA /* Lame-Framework.xcconfig */;
			buildSettings = {
				ALWAYS_SEARCH_USER_PATHS = NO;
				CLANG_ENABLE_MODULES = YES;
				CLANG_WARN_BOOL_CONVERSION = YES;
				CLANG_WARN_COMMA = YES;
				CLANG_WARN_CONSTANT_CONVERSION = YES;
				CLANG_WARN_EMPTY_BODY = YES;
				CLANG_WARN_ENUM_CONVERSION = YES;
				CLANG_WARN_INFINITE_RECURSION = YES;
				CLANG_WARN_INT_CONVERSION = YES;
				CLANG_WARN_NON_LITERAL_NULL_CONVERSION = YES;
				CLANG_WARN_QUOTED_INCLUDE_IN_FRAMEWORK_HEADER = YES;
				CLANG_WARN_STRICT_PROTOTYPES = YES;
				CLANG_WARN_UNGUARDED_AVAILABILITY = YES_AGGRESSIVE;
				CLANG_WARN_UNREACHABLE_CODE = YES;
				COPY_PHASE_STRIP = NO;
				DEBUG_INFORMATION_FORMAT = "dwarf-with-dsym";
				ENABLE_NS_ASSERTIONS = NO;
				ENABLE_STRICT_OBJC_MSGSEND = YES;
				GCC_C_LANGUAGE_STANDARD = gnu11;
				GCC_NO_COMMON_BLOCKS = YES;
				GCC_WARN_64_TO_32_BIT_CONVERSION = YES;
				GCC_WARN_ABOUT_RETURN_TYPE = YES_ERROR;
				GCC_WARN_UNINITIALIZED_AUTOS = YES_AGGRESSIVE;
				GCC_WARN_UNUSED_FUNCTION = YES;
				GCC_WARN_UNUSED_VARIABLE = YES;
				INFOPLIST_OUTPUT_FORMAT = binary;
				IPHONEOS_DEPLOYMENT_TARGET = 12.0;
				MACOSX_DEPLOYMENT_TARGET = 10.13;
				PLIST_FILE_OUTPUT_FORMAT = binary;
				SUPPORTS_XR_DESIGNED_FOR_IPHONE_IPAD = YES;
				TVOS_DEPLOYMENT_TARGET = 12.0;
				VALIDATE_PRODUCT = YES;
				VERSIONING_SYSTEM = "apple-generic";
				WATCHOS_DEPLOYMENT_TARGET = 4.0;
				XROS_DEPLOYMENT_TARGET = 1.0;
			};
			name = Release;
		};
		D50E03032B9372D90066CB31 /* Debug */ = {
			isa = XCBuildConfiguration;
			buildSettings = {
				SDKROOT = xros;
				TARGETED_DEVICE_FAMILY = 7;
			};
			name = Debug;
		};
		D50E03042B9372D90066CB31 /* Release */ = {
			isa = XCBuildConfiguration;
			buildSettings = {
				SDKROOT = xros;
				TARGETED_DEVICE_FAMILY = 7;
			};
			name = Release;
		};
		D55AAC9D26E8F9C100DD41EA /* Debug */ = {
			isa = XCBuildConfiguration;
			buildSettings = {
				SDKROOT = iphoneos;
				SUPPORTED_PLATFORMS = "iphoneos iphonesimulator";
				SUPPORTS_MACCATALYST = YES;
				TARGETED_DEVICE_FAMILY = "1,2,6,7";
			};
			name = Debug;
		};
		D55AAC9E26E8F9C100DD41EA /* Release */ = {
			isa = XCBuildConfiguration;
			buildSettings = {
				SDKROOT = iphoneos;
				SUPPORTED_PLATFORMS = "iphoneos iphonesimulator";
				SUPPORTS_MACCATALYST = YES;
				TARGETED_DEVICE_FAMILY = "1,2,6,7";
			};
			name = Release;
		};
		D55AACE626E8FB3D00DD41EA /* Debug */ = {
			isa = XCBuildConfiguration;
			buildSettings = {
				SDKROOT = appletvos;
				TARGETED_DEVICE_FAMILY = 3;
			};
			name = Debug;
		};
		D55AACE726E8FB3D00DD41EA /* Release */ = {
			isa = XCBuildConfiguration;
			buildSettings = {
				SDKROOT = appletvos;
				TARGETED_DEVICE_FAMILY = 3;
			};
			name = Release;
		};
		D55AAD2F26E8FBD100DD41EA /* Debug */ = {
			isa = XCBuildConfiguration;
			buildSettings = {
				SDKROOT = watchos;
				TARGETED_DEVICE_FAMILY = 4;
			};
			name = Debug;
		};
		D55AAD3026E8FBD100DD41EA /* Release */ = {
			isa = XCBuildConfiguration;
			buildSettings = {
				SDKROOT = watchos;
				TARGETED_DEVICE_FAMILY = 4;
			};
			name = Release;
		};
		D55AAD3426E8FDA300DD41EA /* Debug */ = {
			isa = XCBuildConfiguration;
			buildSettings = {
			};
			name = Debug;
		};
		D55AAD3526E8FDA300DD41EA /* Release */ = {
			isa = XCBuildConfiguration;
			buildSettings = {
			};
			name = Release;
		};
/* End XCBuildConfiguration section */

/* Begin XCConfigurationList section */
		4FADC24208B4156D00ABE55E /* Build configuration list for PBXNativeTarget "LAME-macOS" */ = {
			isa = XCConfigurationList;
			buildConfigurations = (
				4FADC24308B4156D00ABE55E /* Debug */,
				4FADC24408B4156D00ABE55E /* Release */,
			);
			defaultConfigurationIsVisible = 0;
			defaultConfigurationName = Release;
		};
		4FADC24608B4156D00ABE55E /* Build configuration list for PBXProject "LAME" */ = {
			isa = XCConfigurationList;
			buildConfigurations = (
				4FADC24708B4156D00ABE55E /* Debug */,
				4FADC24808B4156D00ABE55E /* Release */,
			);
			defaultConfigurationIsVisible = 0;
			defaultConfigurationName = Release;
		};
		D50E03022B9372D90066CB31 /* Build configuration list for PBXNativeTarget "LAME-visionOS" */ = {
			isa = XCConfigurationList;
			buildConfigurations = (
				D50E03032B9372D90066CB31 /* Debug */,
				D50E03042B9372D90066CB31 /* Release */,
			);
			defaultConfigurationIsVisible = 0;
			defaultConfigurationName = Release;
		};
		D55AAC9C26E8F9C100DD41EA /* Build configuration list for PBXNativeTarget "LAME-iOS" */ = {
			isa = XCConfigurationList;
			buildConfigurations = (
				D55AAC9D26E8F9C100DD41EA /* Debug */,
				D55AAC9E26E8F9C100DD41EA /* Release */,
			);
			defaultConfigurationIsVisible = 0;
			defaultConfigurationName = Release;
		};
		D55AACE526E8FB3D00DD41EA /* Build configuration list for PBXNativeTarget "LAME-tvOS" */ = {
			isa = XCConfigurationList;
			buildConfigurations = (
				D55AACE626E8FB3D00DD41EA /* Debug */,
				D55AACE726E8FB3D00DD41EA /* Release */,
			);
			defaultConfigurationIsVisible = 0;
			defaultConfigurationName = Release;
		};
		D55AAD2E26E8FBD100DD41EA /* Build configuration list for PBXNativeTarget "LAME-watchOS" */ = {
			isa = XCConfigurationList;
			buildConfigurations = (
				D55AAD2F26E8FBD100DD41EA /* Debug */,
				D55AAD3026E8FBD100DD41EA /* Release */,
			);
			defaultConfigurationIsVisible = 0;
			defaultConfigurationName = Release;
		};
		D55AAD3626E8FDA300DD41EA /* Build configuration list for PBXLegacyTarget "XCFramework" */ = {
			isa = XCConfigurationList;
			buildConfigurations = (
				D55AAD3426E8FDA300DD41EA /* Debug */,
				D55AAD3526E8FDA300DD41EA /* Release */,
			);
			defaultConfigurationIsVisible = 0;
			defaultConfigurationName = Release;
		};
/* End XCConfigurationList section */
	};
	rootObject = 0867D690FE84028FC02AAC07 /* Project object */;
}
